// !$*UTF8*$!
{
	archiveVersion = 1;
	classes = {
	};
	objectVersion = 46;
	objects = {

/* Begin PBXBuildFile section */
		93127E7414C5341300CAF15F /* GMTwoButtonTableCell.m in Sources */ = {isa = PBXBuildFile; fileRef = 93127E7314C5341300CAF15F /* GMTwoButtonTableCell.m */; };
		9313F1411683C2FA008127DC /* GMParticipantCollectionViewCell.m in Sources */ = {isa = PBXBuildFile; fileRef = 9313F1401683C2FA008127DC /* GMParticipantCollectionViewCell.m */; };
		9314EC2A12F3D7CB00F99756 /* GMSourceFetcher.m in Sources */ = {isa = PBXBuildFile; fileRef = 9314EC2912F3D7CB00F99756 /* GMSourceFetcher.m */; };
		9314EC3012F3DB7200F99756 /* GMCourseParser.m in Sources */ = {isa = PBXBuildFile; fileRef = 9314EC2F12F3DB7200F99756 /* GMCourseParser.m */; };
		9314EC4712F3EA1400F99756 /* dashboard.png in Resources */ = {isa = PBXBuildFile; fileRef = 9314EC4612F3EA1400F99756 /* dashboard.png */; };
		9314EC4912F3EA6A00F99756 /* dashboard@2x.png in Resources */ = {isa = PBXBuildFile; fileRef = 9314EC4812F3EA6A00F99756 /* dashboard@2x.png */; };
		9314EC5212F3EAFA00F99756 /* grades@2x.png in Resources */ = {isa = PBXBuildFile; fileRef = 9314EC4C12F3EAFA00F99756 /* grades@2x.png */; };
		9314EC5312F3EAFA00F99756 /* grades.png in Resources */ = {isa = PBXBuildFile; fileRef = 9314EC4D12F3EAFA00F99756 /* grades.png */; };
		9314EC5412F3EAFA00F99756 /* assignments.png in Resources */ = {isa = PBXBuildFile; fileRef = 9314EC4E12F3EAFA00F99756 /* assignments.png */; };
		9314EC5512F3EAFA00F99756 /* assignments@2x.png in Resources */ = {isa = PBXBuildFile; fileRef = 9314EC4F12F3EAFA00F99756 /* assignments@2x.png */; };
		9314EC5812F3EBB500F99756 /* participants.png in Resources */ = {isa = PBXBuildFile; fileRef = 9314EC5612F3EBB500F99756 /* participants.png */; };
		9314EC5912F3EBB500F99756 /* participants@2x.png in Resources */ = {isa = PBXBuildFile; fileRef = 9314EC5712F3EBB500F99756 /* participants@2x.png */; };
		931C650B12F8CCF7005799F1 /* AssignmentsViewController.m in Sources */ = {isa = PBXBuildFile; fileRef = 931C650912F8CCF7005799F1 /* AssignmentsViewController.m */; };
		931C650C12F8CCF7005799F1 /* AssignmentsViewController.xib in Resources */ = {isa = PBXBuildFile; fileRef = 931C650A12F8CCF7005799F1 /* AssignmentsViewController.xib */; };
		931F43EE152BAAA70059A9D7 /* GMiPadParticipantsViewController.m in Sources */ = {isa = PBXBuildFile; fileRef = 931F43EC152BAAA70059A9D7 /* GMiPadParticipantsViewController.m */; };
		931F43EF152BAAA70059A9D7 /* GMiPadParticipantsViewController.xib in Resources */ = {isa = PBXBuildFile; fileRef = 931F43ED152BAAA70059A9D7 /* GMiPadParticipantsViewController.xib */; };
		9321933D152B7C86001461EE /* GMSplitViewController.m in Sources */ = {isa = PBXBuildFile; fileRef = 9321933C152B7C86001461EE /* GMSplitViewController.m */; };
		9324D9A115086F1200B10D3F /* forums.png in Resources */ = {isa = PBXBuildFile; fileRef = 9324D99F15086F1200B10D3F /* forums.png */; };
		9324D9A215086F1200B10D3F /* forums@2x.png in Resources */ = {isa = PBXBuildFile; fileRef = 9324D9A015086F1200B10D3F /* forums@2x.png */; };
		932A907214C23A9D00E80827 /* GMAssignmentDetailsParser.m in Sources */ = {isa = PBXBuildFile; fileRef = 932A907114C23A9D00E80827 /* GMAssignmentDetailsParser.m */; };
		932A907514C23C9000E80827 /* libxml2.dylib in Frameworks */ = {isa = PBXBuildFile; fileRef = 932A907314C23C8600E80827 /* libxml2.dylib */; };
		932A907C14C23CD700E80827 /* TFHpple.m in Sources */ = {isa = PBXBuildFile; fileRef = 932A907714C23CD700E80827 /* TFHpple.m */; };
		932A907D14C23CD700E80827 /* TFHppleElement.m in Sources */ = {isa = PBXBuildFile; fileRef = 932A907914C23CD700E80827 /* TFHppleElement.m */; };
		932A907E14C23CD700E80827 /* XPathQuery.m in Sources */ = {isa = PBXBuildFile; fileRef = 932A907B14C23CD700E80827 /* XPathQuery.m */; };
		932A920912ED0E1E00C78AE9 /* GMAssignmentsParser.m in Sources */ = {isa = PBXBuildFile; fileRef = 932A920812ED0E1E00C78AE9 /* GMAssignmentsParser.m */; };
		933098F71513F55400F891C1 /* ADCalendarView.m in Sources */ = {isa = PBXBuildFile; fileRef = 933098F61513F55400F891C1 /* ADCalendarView.m */; };
		933098FC1513F5A700F891C1 /* GMiPadAssignmentsViewController.m in Sources */ = {isa = PBXBuildFile; fileRef = 933098FA1513F5A700F891C1 /* GMiPadAssignmentsViewController.m */; };
		933098FD1513F5A700F891C1 /* GMiPadAssignmentsViewController.xib in Resources */ = {isa = PBXBuildFile; fileRef = 933098FB1513F5A700F891C1 /* GMiPadAssignmentsViewController.xib */; };
		933586421512E0160002D70D /* MainTabBarViewController.m in Sources */ = {isa = PBXBuildFile; fileRef = 933586411512E0160002D70D /* MainTabBarViewController.m */; };
		93361DA3167EA53E00532C5F /* AssignmentsListViewController.m in Sources */ = {isa = PBXBuildFile; fileRef = 93361DA1167EA53D00532C5F /* AssignmentsListViewController.m */; };
		93361DA4167EA53E00532C5F /* AssignmentsListViewController.xib in Resources */ = {isa = PBXBuildFile; fileRef = 93361DA2167EA53E00532C5F /* AssignmentsListViewController.xib */; };
		933A49CA14C9FBE00037AD30 /* back@2x.png in Resources */ = {isa = PBXBuildFile; fileRef = 933A49C914C9FBE00037AD30 /* back@2x.png */; };
		933A49CC14C9FC9A0037AD30 /* back.png in Resources */ = {isa = PBXBuildFile; fileRef = 933A49CB14C9FC9A0037AD30 /* back.png */; };
		934300DA12E0F42600AFFFE4 /* UIKit.framework in Frameworks */ = {isa = PBXBuildFile; fileRef = 934300D912E0F42600AFFFE4 /* UIKit.framework */; };
		934300DC12E0F42600AFFFE4 /* Foundation.framework in Frameworks */ = {isa = PBXBuildFile; fileRef = 934300DB12E0F42600AFFFE4 /* Foundation.framework */; };
		934300DE12E0F42600AFFFE4 /* CoreGraphics.framework in Frameworks */ = {isa = PBXBuildFile; fileRef = 934300DD12E0F42600AFFFE4 /* CoreGraphics.framework */; };
		934300E712E0F42700AFFFE4 /* main.m in Sources */ = {isa = PBXBuildFile; fileRef = 934300E612E0F42700AFFFE4 /* main.m */; };
		934300EA12E0F42700AFFFE4 /* GauchoMobileAppDelegate.m in Sources */ = {isa = PBXBuildFile; fileRef = 934300E912E0F42700AFFFE4 /* GauchoMobileAppDelegate.m */; };
		934BAC9F1304E7E80083A5F9 /* GMGradesTableViewCell.m in Sources */ = {isa = PBXBuildFile; fileRef = 934BAC9C1304E7E80083A5F9 /* GMGradesTableViewCell.m */; };
		934BACA31304E8380083A5F9 /* defaulticon.png in Resources */ = {isa = PBXBuildFile; fileRef = 934BACA21304E8380083A5F9 /* defaulticon.png */; };
		934DBC7D13031AF5009BC05D /* GradesViewController.m in Sources */ = {isa = PBXBuildFile; fileRef = 934DBC7A13031AF5009BC05D /* GradesViewController.m */; };
		934DBC7E13031AF5009BC05D /* ParticipantsViewController.m in Sources */ = {isa = PBXBuildFile; fileRef = 934DBC7C13031AF5009BC05D /* ParticipantsViewController.m */; };
		934DBC8013031B02009BC05D /* GradesViewController.xib in Resources */ = {isa = PBXBuildFile; fileRef = 934DBC7F13031B02009BC05D /* GradesViewController.xib */; };
		934DBC8213031B88009BC05D /* ParticipantsViewController.xib in Resources */ = {isa = PBXBuildFile; fileRef = 934DBC8113031B88009BC05D /* ParticipantsViewController.xib */; };
		935037CB12EBA28F001CBAD0 /* GMParticipantsParser.m in Sources */ = {isa = PBXBuildFile; fileRef = 935037CA12EBA28F001CBAD0 /* GMParticipantsParser.m */; };
		9359AFD71530A8D60072EDC8 /* GMPersonViewController.m in Sources */ = {isa = PBXBuildFile; fileRef = 9359AFD61530A8D60072EDC8 /* GMPersonViewController.m */; };
		936DAFEB15150A6200F99EE8 /* greyforward@2x.png in Resources */ = {isa = PBXBuildFile; fileRef = 936DAFE715150A6200F99EE8 /* greyforward@2x.png */; };
		936DAFEC15150A6200F99EE8 /* greyback.png in Resources */ = {isa = PBXBuildFile; fileRef = 936DAFE815150A6200F99EE8 /* greyback.png */; };
		936DAFED15150A6200F99EE8 /* greyback@2x.png in Resources */ = {isa = PBXBuildFile; fileRef = 936DAFE915150A6200F99EE8 /* greyback@2x.png */; };
		936DAFEE15150A6200F99EE8 /* greyforward.png in Resources */ = {isa = PBXBuildFile; fileRef = 936DAFEA15150A6200F99EE8 /* greyforward.png */; };
		936DAFF515150B1B00F99EE8 /* MBProgressHUD.m in Sources */ = {isa = PBXBuildFile; fileRef = 936DAFF415150B1B00F99EE8 /* MBProgressHUD.m */; };
		93725DC5150D2EAA0095B420 /* ForumTopicsViewController.m in Sources */ = {isa = PBXBuildFile; fileRef = 93725DC3150D2EAA0095B420 /* ForumTopicsViewController.m */; };
		93725DC6150D2EAA0095B420 /* ForumTopicsViewController.xib in Resources */ = {isa = PBXBuildFile; fileRef = 93725DC4150D2EAA0095B420 /* ForumTopicsViewController.xib */; };
		93725DC9150D35D60095B420 /* GMForumTopicTableCell.m in Sources */ = {isa = PBXBuildFile; fileRef = 93725DC8150D35D60095B420 /* GMForumTopicTableCell.m */; };
		93725DCB150D4DC70095B420 /* ForumTopicTableCell.xib in Resources */ = {isa = PBXBuildFile; fileRef = 93725DCA150D4DC70095B420 /* ForumTopicTableCell.xib */; };
		93725DCF150D56E50095B420 /* ForumPostsViewController.m in Sources */ = {isa = PBXBuildFile; fileRef = 93725DCD150D56E40095B420 /* ForumPostsViewController.m */; };
		93725DD0150D56E50095B420 /* ForumPostsViewController.xib in Resources */ = {isa = PBXBuildFile; fileRef = 93725DCE150D56E50095B420 /* ForumPostsViewController.xib */; };
		9374857D1608C86400D587D0 /* Default-568h@2x.png in Resources */ = {isa = PBXBuildFile; fileRef = 9374857C1608C86400D587D0 /* Default-568h@2x.png */; };
		9374857F1608C91700D587D0 /* Default@2x.png in Resources */ = {isa = PBXBuildFile; fileRef = 9374857E1608C91700D587D0 /* Default@2x.png */; };
		937485811608C91C00D587D0 /* Default.png in Resources */ = {isa = PBXBuildFile; fileRef = 937485801608C91C00D587D0 /* Default.png */; };
		937485831608C92100D587D0 /* Default-Portrait~ipad.png in Resources */ = {isa = PBXBuildFile; fileRef = 937485821608C92100D587D0 /* Default-Portrait~ipad.png */; };
		937485851608C9AB00D587D0 /* Default-Portrait@2x~ipad.png in Resources */ = {isa = PBXBuildFile; fileRef = 937485841608C9AB00D587D0 /* Default-Portrait@2x~ipad.png */; };
		937485871608C9AE00D587D0 /* Default-Landscape~ipad.png in Resources */ = {isa = PBXBuildFile; fileRef = 937485861608C9AE00D587D0 /* Default-Landscape~ipad.png */; };
		937485891608C9B100D587D0 /* Default-Landscape@2x~ipad.png in Resources */ = {isa = PBXBuildFile; fileRef = 937485881608C9B100D587D0 /* Default-Landscape@2x~ipad.png */; };
		9374858B1608D1DB00D587D0 /* Icon-72.png in Resources */ = {isa = PBXBuildFile; fileRef = 9374858A1608D1DB00D587D0 /* Icon-72.png */; };
		9374858D1608D1DF00D587D0 /* Icon-72@2x.png in Resources */ = {isa = PBXBuildFile; fileRef = 9374858C1608D1DF00D587D0 /* Icon-72@2x.png */; };
		93748592160942F300D587D0 /* tabbarbackground.png in Resources */ = {isa = PBXBuildFile; fileRef = 93748590160942F300D587D0 /* tabbarbackground.png */; };
		93748593160942F300D587D0 /* tabbarbackground@2x.png in Resources */ = {isa = PBXBuildFile; fileRef = 93748591160942F300D587D0 /* tabbarbackground@2x.png */; };
		937485961609482E00D587D0 /* tabbarselection.png in Resources */ = {isa = PBXBuildFile; fileRef = 937485941609482D00D587D0 /* tabbarselection.png */; };
		937485971609482E00D587D0 /* tabbarselection@2x.png in Resources */ = {isa = PBXBuildFile; fileRef = 937485951609482E00D587D0 /* tabbarselection@2x.png */; };
		9374859916094A6800D587D0 /* selectedtabbaritemgradient@2x.png in Resources */ = {isa = PBXBuildFile; fileRef = 9374859816094A6800D587D0 /* selectedtabbaritemgradient@2x.png */; };
		938277C112EBC2CC001C35E9 /* GMGradesParser.m in Sources */ = {isa = PBXBuildFile; fileRef = 938277C012EBC2CC001C35E9 /* GMGradesParser.m */; };
		938489B314C0ACBF00F9986D /* gm.png in Resources */ = {isa = PBXBuildFile; fileRef = 938489B214C0ACBF00F9986D /* gm.png */; };
		9385EFE91508692B00872595 /* GMForumsParser.m in Sources */ = {isa = PBXBuildFile; fileRef = 9385EFE81508692B00872595 /* GMForumsParser.m */; };
		9385EFF31508696C00872595 /* GMForum.m in Sources */ = {isa = PBXBuildFile; fileRef = 9385EFEE1508696C00872595 /* GMForum.m */; };
		9385EFF41508696C00872595 /* GMForumPost.m in Sources */ = {isa = PBXBuildFile; fileRef = 9385EFF01508696C00872595 /* GMForumPost.m */; };
		9385EFF51508696C00872595 /* GMForumTopic.m in Sources */ = {isa = PBXBuildFile; fileRef = 9385EFF21508696C00872595 /* GMForumTopic.m */; };
		9385EFFE15086BE800872595 /* ForumViewController.m in Sources */ = {isa = PBXBuildFile; fileRef = 9385EFFC15086BE800872595 /* ForumViewController.m */; };
		9385EFFF15086BE800872595 /* ForumViewController.xib in Resources */ = {isa = PBXBuildFile; fileRef = 9385EFFD15086BE800872595 /* ForumViewController.xib */; };
		9388E8F714BD551500A31C10 /* libz.dylib in Frameworks */ = {isa = PBXBuildFile; fileRef = 9388E8F614BD551500A31C10 /* libz.dylib */; };
		938C408D12E9471700A8894E /* GMCourse.m in Sources */ = {isa = PBXBuildFile; fileRef = 938C408C12E9471700A8894E /* GMCourse.m */; };
		938C792C12F5217A00C3F134 /* GMDataSource.m in Sources */ = {isa = PBXBuildFile; fileRef = 938C792B12F5217A00C3F134 /* GMDataSource.m */; };
		938C793012F5245300C3F134 /* CourseViewController.m in Sources */ = {isa = PBXBuildFile; fileRef = 938C792E12F5245300C3F134 /* CourseViewController.m */; };
		938C793112F5245300C3F134 /* CourseViewController.xib in Resources */ = {isa = PBXBuildFile; fileRef = 938C792F12F5245300C3F134 /* CourseViewController.xib */; };
		939036F2132AD76100A5AF6E /* MainWindow.xib in Resources */ = {isa = PBXBuildFile; fileRef = 939036F1132AD76100A5AF6E /* MainWindow.xib */; };
		939036F9132AD7B000A5AF6E /* Credits.txt in Resources */ = {isa = PBXBuildFile; fileRef = 939036F7132AD7B000A5AF6E /* Credits.txt */; };
		93903702132AD8B100A5AF6E /* UIView+TKCategory.m in Sources */ = {isa = PBXBuildFile; fileRef = 93903701132AD8B100A5AF6E /* UIView+TKCategory.m */; };
		93928852164F198F00A9BAD2 /* GTMNSString+HTML.m in Sources */ = {isa = PBXBuildFile; fileRef = 93928851164F198F00A9BAD2 /* GTMNSString+HTML.m */; };
		93931BD915153F2C003F1F3C /* 3retina.jpg in Resources */ = {isa = PBXBuildFile; fileRef = 93931BD615153F2C003F1F3C /* 3retina.jpg */; };
		93931BDA15153F2C003F1F3C /* 2retina.jpg in Resources */ = {isa = PBXBuildFile; fileRef = 93931BD715153F2C003F1F3C /* 2retina.jpg */; };
		93931BDB15153F2C003F1F3C /* 1retina.jpg in Resources */ = {isa = PBXBuildFile; fileRef = 93931BD815153F2C003F1F3C /* 1retina.jpg */; };
		9395D5F6132881B700332A38 /* NSDate+TKCategory.m in Sources */ = {isa = PBXBuildFile; fileRef = 9395D59E132881AE00332A38 /* NSDate+TKCategory.m */; };
		9395D601132881B700332A38 /* TKCalendarMonthView.m in Sources */ = {isa = PBXBuildFile; fileRef = 9395D5B5132881B000332A38 /* TKCalendarMonthView.m */; };
		9395D606132881B700332A38 /* TKGlobal.m in Sources */ = {isa = PBXBuildFile; fileRef = 9395D5BF132881B200332A38 /* TKGlobal.m */; };
		9395D61A132881B700332A38 /* UIImage+TKCategory.m in Sources */ = {isa = PBXBuildFile; fileRef = 9395D5E7132881B500332A38 /* UIImage+TKCategory.m */; };
		9395D623132882A200332A38 /* TapkuLibrary.bundle in Resources */ = {isa = PBXBuildFile; fileRef = 9395D622132882A200332A38 /* TapkuLibrary.bundle */; };
		93A9AF64131099CE0012CAF3 /* WebViewController.m in Sources */ = {isa = PBXBuildFile; fileRef = 93A9AF62131099CE0012CAF3 /* WebViewController.m */; };
		93A9AF65131099CE0012CAF3 /* WebViewController.xib in Resources */ = {isa = PBXBuildFile; fileRef = 93A9AF63131099CE0012CAF3 /* WebViewController.xib */; };
		93AF5FAF12F37A64009A3657 /* GMQuarter.m in Sources */ = {isa = PBXBuildFile; fileRef = 93AF5FAE12F37A64009A3657 /* GMQuarter.m */; };
		93AF5FB712F380BC009A3657 /* GMAssignment.m in Sources */ = {isa = PBXBuildFile; fileRef = 93AF5FB412F380BC009A3657 /* GMAssignment.m */; };
		93AF5FB812F380BC009A3657 /* GMGrade.m in Sources */ = {isa = PBXBuildFile; fileRef = 93AF5FB612F380BC009A3657 /* GMGrade.m */; };
		93AF604512F385F2009A3657 /* CFNetwork.framework in Frameworks */ = {isa = PBXBuildFile; fileRef = 93AF604412F385F2009A3657 /* CFNetwork.framework */; };
		93AF604712F385F7009A3657 /* SystemConfiguration.framework in Frameworks */ = {isa = PBXBuildFile; fileRef = 93AF604612F385F7009A3657 /* SystemConfiguration.framework */; };
		93AF604912F38602009A3657 /* MobileCoreServices.framework in Frameworks */ = {isa = PBXBuildFile; fileRef = 93AF604812F38602009A3657 /* MobileCoreServices.framework */; };
		93AF605012F38C0C009A3657 /* LoginViewController.m in Sources */ = {isa = PBXBuildFile; fileRef = 93AF604E12F38C0C009A3657 /* LoginViewController.m */; };
		93AF605112F38C0C009A3657 /* LoginViewController.xib in Resources */ = {isa = PBXBuildFile; fileRef = 93AF604F12F38C0C009A3657 /* LoginViewController.xib */; };
		93AF605512F38FE2009A3657 /* 1.jpg in Resources */ = {isa = PBXBuildFile; fileRef = 93AF605212F38FE2009A3657 /* 1.jpg */; };
		93AF605612F38FE2009A3657 /* 2.jpg in Resources */ = {isa = PBXBuildFile; fileRef = 93AF605312F38FE2009A3657 /* 2.jpg */; };
		93AF605712F38FE2009A3657 /* 3.jpg in Resources */ = {isa = PBXBuildFile; fileRef = 93AF605412F38FE2009A3657 /* 3.jpg */; };
		93AF605A12F39028009A3657 /* horizontalline.png in Resources */ = {isa = PBXBuildFile; fileRef = 93AF605812F39028009A3657 /* horizontalline.png */; };
		93AF605B12F39028009A3657 /* verticalline.png in Resources */ = {isa = PBXBuildFile; fileRef = 93AF605912F39028009A3657 /* verticalline.png */; };
		93AF605D12F39116009A3657 /* QuartzCore.framework in Frameworks */ = {isa = PBXBuildFile; fileRef = 93AF605C12F39116009A3657 /* QuartzCore.framework */; };
		93B1B8251329F13700403CCD /* EventKit.framework in Frameworks */ = {isa = PBXBuildFile; fileRef = 93B1B8241329F13700403CCD /* EventKit.framework */; };
		93BBF5CF130E3A8900B07C25 /* GMLoadingView.m in Sources */ = {isa = PBXBuildFile; fileRef = 93BBF5CE130E3A8900B07C25 /* GMLoadingView.m */; };
		93BBF5D3130E4B8800B07C25 /* bands.png in Resources */ = {isa = PBXBuildFile; fileRef = 93BBF5D2130E4B8800B07C25 /* bands.png */; };
		93BDDA6416110B370007519F /* currentweeksectionheader.png in Resources */ = {isa = PBXBuildFile; fileRef = 93BDDA6316110B370007519F /* currentweeksectionheader.png */; };
		93BDDA67161114E50007519F /* ipadtabbarselection@2x.png in Resources */ = {isa = PBXBuildFile; fileRef = 93BDDA65161114E50007519F /* ipadtabbarselection@2x.png */; };
		93BDDA6C161117800007519F /* ipadtabbarbackground@2x.png in Resources */ = {isa = PBXBuildFile; fileRef = 93BDDA6B161117800007519F /* ipadtabbarbackground@2x.png */; };
		93BDDA6F161118020007519F /* ipadtabbarselection.png in Resources */ = {isa = PBXBuildFile; fileRef = 93BDDA6D161118020007519F /* ipadtabbarselection.png */; };
		93BDDA70161118020007519F /* ipadtabbarbackground.png in Resources */ = {isa = PBXBuildFile; fileRef = 93BDDA6E161118020007519F /* ipadtabbarbackground.png */; };
		93BDDA73161122270007519F /* UITableView+GMAdditions.m in Sources */ = {isa = PBXBuildFile; fileRef = 93BDDA72161122270007519F /* UITableView+GMAdditions.m */; };
		93C257DF14CCC1810079E5CD /* KeychainItemWrapper.m in Sources */ = {isa = PBXBuildFile; fileRef = 93C257DE14CCC1800079E5CD /* KeychainItemWrapper.m */; };
		93C257E214CCC2800079E5CD /* Security.framework in Frameworks */ = {isa = PBXBuildFile; fileRef = 93C257E014CCC2760079E5CD /* Security.framework */; };
		93C257E414CCCE3F0079E5CD /* Icon.png in Resources */ = {isa = PBXBuildFile; fileRef = 93C257E314CCCE3F0079E5CD /* Icon.png */; };
		93C257E614CCCE420079E5CD /* Icon@2x.png in Resources */ = {isa = PBXBuildFile; fileRef = 93C257E514CCCE410079E5CD /* Icon@2x.png */; };
		93C3AF3B1611030B003926B2 /* currentweeksectionheader@2x.png in Resources */ = {isa = PBXBuildFile; fileRef = 93C3AF3A1611030B003926B2 /* currentweeksectionheader@2x.png */; };
		93C58BD514C3525A001F7558 /* AssignmentDetailViewController.m in Sources */ = {isa = PBXBuildFile; fileRef = 93C58BD314C3525A001F7558 /* AssignmentDetailViewController.m */; };
		93C58BD614C3525A001F7558 /* AssignmentDetailViewController.xib in Resources */ = {isa = PBXBuildFile; fileRef = 93C58BD414C3525A001F7558 /* AssignmentDetailViewController.xib */; };
		93C58BD914C35544001F7558 /* GMWebViewTableCell.m in Sources */ = {isa = PBXBuildFile; fileRef = 93C58BD814C35544001F7558 /* GMWebViewTableCell.m */; };
		93D0759113340D0B0025BF9E /* Month Calendar Left Arrow@2x.png in Resources */ = {isa = PBXBuildFile; fileRef = 93D0758F13340D0B0025BF9E /* Month Calendar Left Arrow@2x.png */; };
		93D0759213340D0B0025BF9E /* Month Calendar Right Arrow@2x.png in Resources */ = {isa = PBXBuildFile; fileRef = 93D0759013340D0B0025BF9E /* Month Calendar Right Arrow@2x.png */; };
		93D6CB2114C53DED00F8BFDB /* MessageUI.framework in Frameworks */ = {isa = PBXBuildFile; fileRef = 93D6CB1F14C53DE300F8BFDB /* MessageUI.framework */; };
		93D986131310556F009C11C3 /* GMDashboardItem.m in Sources */ = {isa = PBXBuildFile; fileRef = 93D986121310556F009C11C3 /* GMDashboardItem.m */; };
		93D9861713105895009C11C3 /* DashboardViewController.m in Sources */ = {isa = PBXBuildFile; fileRef = 93D9861513105895009C11C3 /* DashboardViewController.m */; };
		93D9861813105895009C11C3 /* DashboardViewController.xib in Resources */ = {isa = PBXBuildFile; fileRef = 93D9861613105895009C11C3 /* DashboardViewController.xib */; };
		93D9861B1310783C009C11C3 /* GMTextViewTableCell.m in Sources */ = {isa = PBXBuildFile; fileRef = 93D9861A1310783C009C11C3 /* GMTextViewTableCell.m */; };
		93DB4838130F9125004EF57C /* GMDashboardParser.m in Sources */ = {isa = PBXBuildFile; fileRef = 93DB4837130F9125004EF57C /* GMDashboardParser.m */; };
		93DFABDE12EBB935005C42B8 /* GMParticipant.m in Sources */ = {isa = PBXBuildFile; fileRef = 93DFABDD12EBB935005C42B8 /* GMParticipant.m */; };
		93E703C2168FB2D700DF1F2D /* GMForumPostTableCell.m in Sources */ = {isa = PBXBuildFile; fileRef = 93E703C1168FB2D600DF1F2D /* GMForumPostTableCell.m */; };
		93E703C4168FB2F200DF1F2D /* ForumPostTableCell.xib in Resources */ = {isa = PBXBuildFile; fileRef = 93E703C3168FB2F200DF1F2D /* ForumPostTableCell.xib */; };
		93EB5D0B130EFE6300555E8A /* AddressBook.framework in Frameworks */ = {isa = PBXBuildFile; fileRef = 93EB5D03130EFE2300555E8A /* AddressBook.framework */; };
		93EB5D0C130EFE6300555E8A /* AddressBookUI.framework in Frameworks */ = {isa = PBXBuildFile; fileRef = 93EB5D04130EFE2300555E8A /* AddressBookUI.framework */; };
		93EC607E1332E1E000601B04 /* MainWindow-iPad.xib in Resources */ = {isa = PBXBuildFile; fileRef = 93EC607D1332E1E000601B04 /* MainWindow-iPad.xib */; };
		93ECB1731326F3C5007458FE /* blueArrow.png in Resources */ = {isa = PBXBuildFile; fileRef = 93ECB1711326F3C5007458FE /* blueArrow.png */; };
		93ECB1741326F3C5007458FE /* blueArrow@2x.png in Resources */ = {isa = PBXBuildFile; fileRef = 93ECB1721326F3C5007458FE /* blueArrow@2x.png */; };
		93EEE73C14C9FD9D00350104 /* forward.png in Resources */ = {isa = PBXBuildFile; fileRef = 93EEE73A14C9FD9D00350104 /* forward.png */; };
		93EEE73D14C9FD9D00350104 /* forward@2x.png in Resources */ = {isa = PBXBuildFile; fileRef = 93EEE73B14C9FD9D00350104 /* forward@2x.png */; };
		C4414432160BF33200A18757 /* tabbaritemgradient@2x.png in Resources */ = {isa = PBXBuildFile; fileRef = C4414431160BF33200A18757 /* tabbaritemgradient@2x.png */; };
		C4414436160C00EA00A18757 /* selectedtabbaritemgradient.png in Resources */ = {isa = PBXBuildFile; fileRef = C4414434160C00EA00A18757 /* selectedtabbaritemgradient.png */; };
		C4414437160C00EA00A18757 /* tabbaritemgradient.png in Resources */ = {isa = PBXBuildFile; fileRef = C4414435160C00EA00A18757 /* tabbaritemgradient.png */; };
/* End PBXBuildFile section */

/* Begin PBXFileReference section */
		93127E7214C5341300CAF15F /* GMTwoButtonTableCell.h */ = {isa = PBXFileReference; fileEncoding = 4; lastKnownFileType = sourcecode.c.h; path = GMTwoButtonTableCell.h; sourceTree = "<group>"; };
		93127E7314C5341300CAF15F /* GMTwoButtonTableCell.m */ = {isa = PBXFileReference; fileEncoding = 4; lastKnownFileType = sourcecode.c.objc; path = GMTwoButtonTableCell.m; sourceTree = "<group>"; };
		9313F13F1683C2FA008127DC /* GMParticipantCollectionViewCell.h */ = {isa = PBXFileReference; fileEncoding = 4; lastKnownFileType = sourcecode.c.h; path = GMParticipantCollectionViewCell.h; sourceTree = "<group>"; };
		9313F1401683C2FA008127DC /* GMParticipantCollectionViewCell.m */ = {isa = PBXFileReference; fileEncoding = 4; lastKnownFileType = sourcecode.c.objc; path = GMParticipantCollectionViewCell.m; sourceTree = "<group>"; };
		9314EC2812F3D7CB00F99756 /* GMSourceFetcher.h */ = {isa = PBXFileReference; fileEncoding = 4; lastKnownFileType = sourcecode.c.h; path = GMSourceFetcher.h; sourceTree = "<group>"; };
		9314EC2912F3D7CB00F99756 /* GMSourceFetcher.m */ = {isa = PBXFileReference; fileEncoding = 4; lastKnownFileType = sourcecode.c.objc; path = GMSourceFetcher.m; sourceTree = "<group>"; };
		9314EC2E12F3DB7200F99756 /* GMCourseParser.h */ = {isa = PBXFileReference; fileEncoding = 4; lastKnownFileType = sourcecode.c.h; path = GMCourseParser.h; sourceTree = "<group>"; };
		9314EC2F12F3DB7200F99756 /* GMCourseParser.m */ = {isa = PBXFileReference; fileEncoding = 4; lastKnownFileType = sourcecode.c.objc; path = GMCourseParser.m; sourceTree = "<group>"; };
		9314EC4612F3EA1400F99756 /* dashboard.png */ = {isa = PBXFileReference; lastKnownFileType = image.png; path = dashboard.png; sourceTree = "<group>"; };
		9314EC4812F3EA6A00F99756 /* dashboard@2x.png */ = {isa = PBXFileReference; lastKnownFileType = image.png; path = "dashboard@2x.png"; sourceTree = "<group>"; };
		9314EC4C12F3EAFA00F99756 /* grades@2x.png */ = {isa = PBXFileReference; lastKnownFileType = image.png; path = "grades@2x.png"; sourceTree = "<group>"; };
		9314EC4D12F3EAFA00F99756 /* grades.png */ = {isa = PBXFileReference; lastKnownFileType = image.png; path = grades.png; sourceTree = "<group>"; };
		9314EC4E12F3EAFA00F99756 /* assignments.png */ = {isa = PBXFileReference; lastKnownFileType = image.png; path = assignments.png; sourceTree = "<group>"; };
		9314EC4F12F3EAFA00F99756 /* assignments@2x.png */ = {isa = PBXFileReference; lastKnownFileType = image.png; path = "assignments@2x.png"; sourceTree = "<group>"; };
		9314EC5612F3EBB500F99756 /* participants.png */ = {isa = PBXFileReference; lastKnownFileType = image.png; path = participants.png; sourceTree = "<group>"; };
		9314EC5712F3EBB500F99756 /* participants@2x.png */ = {isa = PBXFileReference; lastKnownFileType = image.png; path = "participants@2x.png"; sourceTree = "<group>"; };
		931C650812F8CCF7005799F1 /* AssignmentsViewController.h */ = {isa = PBXFileReference; fileEncoding = 4; lastKnownFileType = sourcecode.c.h; path = AssignmentsViewController.h; sourceTree = "<group>"; };
		931C650912F8CCF7005799F1 /* AssignmentsViewController.m */ = {isa = PBXFileReference; fileEncoding = 4; lastKnownFileType = sourcecode.c.objc; path = AssignmentsViewController.m; sourceTree = "<group>"; };
		931C650A12F8CCF7005799F1 /* AssignmentsViewController.xib */ = {isa = PBXFileReference; fileEncoding = 4; lastKnownFileType = file.xib; path = AssignmentsViewController.xib; sourceTree = "<group>"; };
		931F43EB152BAAA70059A9D7 /* GMiPadParticipantsViewController.h */ = {isa = PBXFileReference; fileEncoding = 4; lastKnownFileType = sourcecode.c.h; name = GMiPadParticipantsViewController.h; path = "View Controllers/GMiPadParticipantsViewController.h"; sourceTree = "<group>"; };
		931F43EC152BAAA70059A9D7 /* GMiPadParticipantsViewController.m */ = {isa = PBXFileReference; fileEncoding = 4; lastKnownFileType = sourcecode.c.objc; name = GMiPadParticipantsViewController.m; path = "View Controllers/GMiPadParticipantsViewController.m"; sourceTree = "<group>"; };
		931F43ED152BAAA70059A9D7 /* GMiPadParticipantsViewController.xib */ = {isa = PBXFileReference; fileEncoding = 4; lastKnownFileType = file.xib; name = GMiPadParticipantsViewController.xib; path = "View Controllers/GMiPadParticipantsViewController.xib"; sourceTree = "<group>"; };
		9321933B152B7C86001461EE /* GMSplitViewController.h */ = {isa = PBXFileReference; fileEncoding = 4; lastKnownFileType = sourcecode.c.h; path = GMSplitViewController.h; sourceTree = "<group>"; };
		9321933C152B7C86001461EE /* GMSplitViewController.m */ = {isa = PBXFileReference; fileEncoding = 4; lastKnownFileType = sourcecode.c.objc; path = GMSplitViewController.m; sourceTree = "<group>"; };
		9324D99F15086F1200B10D3F /* forums.png */ = {isa = PBXFileReference; lastKnownFileType = image.png; path = forums.png; sourceTree = "<group>"; };
		9324D9A015086F1200B10D3F /* forums@2x.png */ = {isa = PBXFileReference; lastKnownFileType = image.png; path = "forums@2x.png"; sourceTree = "<group>"; };
		932A907014C23A9D00E80827 /* GMAssignmentDetailsParser.h */ = {isa = PBXFileReference; fileEncoding = 4; lastKnownFileType = sourcecode.c.h; path = GMAssignmentDetailsParser.h; sourceTree = "<group>"; };
		932A907114C23A9D00E80827 /* GMAssignmentDetailsParser.m */ = {isa = PBXFileReference; fileEncoding = 4; lastKnownFileType = sourcecode.c.objc; path = GMAssignmentDetailsParser.m; sourceTree = "<group>"; };
		932A907314C23C8600E80827 /* libxml2.dylib */ = {isa = PBXFileReference; lastKnownFileType = "compiled.mach-o.dylib"; name = libxml2.dylib; path = usr/lib/libxml2.dylib; sourceTree = SDKROOT; };
		932A907614C23CD700E80827 /* TFHpple.h */ = {isa = PBXFileReference; fileEncoding = 4; lastKnownFileType = sourcecode.c.h; path = TFHpple.h; sourceTree = "<group>"; };
		932A907714C23CD700E80827 /* TFHpple.m */ = {isa = PBXFileReference; fileEncoding = 4; lastKnownFileType = sourcecode.c.objc; path = TFHpple.m; sourceTree = "<group>"; };
		932A907814C23CD700E80827 /* TFHppleElement.h */ = {isa = PBXFileReference; fileEncoding = 4; lastKnownFileType = sourcecode.c.h; path = TFHppleElement.h; sourceTree = "<group>"; };
		932A907914C23CD700E80827 /* TFHppleElement.m */ = {isa = PBXFileReference; fileEncoding = 4; lastKnownFileType = sourcecode.c.objc; path = TFHppleElement.m; sourceTree = "<group>"; };
		932A907A14C23CD700E80827 /* XPathQuery.h */ = {isa = PBXFileReference; fileEncoding = 4; lastKnownFileType = sourcecode.c.h; path = XPathQuery.h; sourceTree = "<group>"; };
		932A907B14C23CD700E80827 /* XPathQuery.m */ = {isa = PBXFileReference; fileEncoding = 4; lastKnownFileType = sourcecode.c.objc; path = XPathQuery.m; sourceTree = "<group>"; };
		932A920712ED0E1E00C78AE9 /* GMAssignmentsParser.h */ = {isa = PBXFileReference; fileEncoding = 4; lastKnownFileType = sourcecode.c.h; path = GMAssignmentsParser.h; sourceTree = "<group>"; };
		932A920812ED0E1E00C78AE9 /* GMAssignmentsParser.m */ = {isa = PBXFileReference; fileEncoding = 4; lastKnownFileType = sourcecode.c.objc; path = GMAssignmentsParser.m; sourceTree = "<group>"; };
		933098F51513F55400F891C1 /* ADCalendarView.h */ = {isa = PBXFileReference; fileEncoding = 4; lastKnownFileType = sourcecode.c.h; path = ADCalendarView.h; sourceTree = "<group>"; };
		933098F61513F55400F891C1 /* ADCalendarView.m */ = {isa = PBXFileReference; fileEncoding = 4; lastKnownFileType = sourcecode.c.objc; path = ADCalendarView.m; sourceTree = "<group>"; };
		933098F91513F5A700F891C1 /* GMiPadAssignmentsViewController.h */ = {isa = PBXFileReference; fileEncoding = 4; lastKnownFileType = sourcecode.c.h; path = GMiPadAssignmentsViewController.h; sourceTree = "<group>"; };
		933098FA1513F5A700F891C1 /* GMiPadAssignmentsViewController.m */ = {isa = PBXFileReference; fileEncoding = 4; lastKnownFileType = sourcecode.c.objc; path = GMiPadAssignmentsViewController.m; sourceTree = "<group>"; };
		933098FB1513F5A700F891C1 /* GMiPadAssignmentsViewController.xib */ = {isa = PBXFileReference; fileEncoding = 4; lastKnownFileType = file.xib; path = GMiPadAssignmentsViewController.xib; sourceTree = "<group>"; };
		933586401512E0160002D70D /* MainTabBarViewController.h */ = {isa = PBXFileReference; fileEncoding = 4; lastKnownFileType = sourcecode.c.h; path = MainTabBarViewController.h; sourceTree = "<group>"; };
		933586411512E0160002D70D /* MainTabBarViewController.m */ = {isa = PBXFileReference; fileEncoding = 4; lastKnownFileType = sourcecode.c.objc; path = MainTabBarViewController.m; sourceTree = "<group>"; };
		93361DA0167EA53D00532C5F /* AssignmentsListViewController.h */ = {isa = PBXFileReference; fileEncoding = 4; lastKnownFileType = sourcecode.c.h; path = AssignmentsListViewController.h; sourceTree = "<group>"; };
		93361DA1167EA53D00532C5F /* AssignmentsListViewController.m */ = {isa = PBXFileReference; fileEncoding = 4; lastKnownFileType = sourcecode.c.objc; path = AssignmentsListViewController.m; sourceTree = "<group>"; };
		93361DA2167EA53E00532C5F /* AssignmentsListViewController.xib */ = {isa = PBXFileReference; fileEncoding = 4; lastKnownFileType = file.xib; name = AssignmentsListViewController.xib; path = "../../src/View Controllers/AssignmentsListViewController.xib"; sourceTree = "<group>"; };
		933A49C914C9FBE00037AD30 /* back@2x.png */ = {isa = PBXFileReference; lastKnownFileType = image.png; path = "back@2x.png"; sourceTree = "<group>"; };
		933A49CB14C9FC9A0037AD30 /* back.png */ = {isa = PBXFileReference; lastKnownFileType = image.png; path = back.png; sourceTree = "<group>"; };
		934300D512E0F42600AFFFE4 /* GauchoMobile.app */ = {isa = PBXFileReference; explicitFileType = wrapper.application; includeInIndex = 0; path = GauchoMobile.app; sourceTree = BUILT_PRODUCTS_DIR; };
		934300D912E0F42600AFFFE4 /* UIKit.framework */ = {isa = PBXFileReference; lastKnownFileType = wrapper.framework; name = UIKit.framework; path = System/Library/Frameworks/UIKit.framework; sourceTree = SDKROOT; };
		934300DB12E0F42600AFFFE4 /* Foundation.framework */ = {isa = PBXFileReference; lastKnownFileType = wrapper.framework; name = Foundation.framework; path = System/Library/Frameworks/Foundation.framework; sourceTree = SDKROOT; };
		934300DD12E0F42600AFFFE4 /* CoreGraphics.framework */ = {isa = PBXFileReference; lastKnownFileType = wrapper.framework; name = CoreGraphics.framework; path = System/Library/Frameworks/CoreGraphics.framework; sourceTree = SDKROOT; };
		934300E512E0F42600AFFFE4 /* GauchoMobile-Prefix.pch */ = {isa = PBXFileReference; lastKnownFileType = sourcecode.c.h; path = "GauchoMobile-Prefix.pch"; sourceTree = "<group>"; };
		934300E612E0F42700AFFFE4 /* main.m */ = {isa = PBXFileReference; lastKnownFileType = sourcecode.c.objc; path = main.m; sourceTree = "<group>"; };
		934300E812E0F42700AFFFE4 /* GauchoMobileAppDelegate.h */ = {isa = PBXFileReference; lastKnownFileType = sourcecode.c.h; path = GauchoMobileAppDelegate.h; sourceTree = "<group>"; };
		934300E912E0F42700AFFFE4 /* GauchoMobileAppDelegate.m */ = {isa = PBXFileReference; lastKnownFileType = sourcecode.c.objc; path = GauchoMobileAppDelegate.m; sourceTree = "<group>"; };
		934BAC9B1304E7E80083A5F9 /* GMGradesTableViewCell.h */ = {isa = PBXFileReference; fileEncoding = 4; lastKnownFileType = sourcecode.c.h; path = GMGradesTableViewCell.h; sourceTree = "<group>"; };
		934BAC9C1304E7E80083A5F9 /* GMGradesTableViewCell.m */ = {isa = PBXFileReference; fileEncoding = 4; lastKnownFileType = sourcecode.c.objc; path = GMGradesTableViewCell.m; sourceTree = "<group>"; };
		934BACA21304E8380083A5F9 /* defaulticon.png */ = {isa = PBXFileReference; lastKnownFileType = image.png; path = defaulticon.png; sourceTree = "<group>"; };
		934DBC7913031AF5009BC05D /* GradesViewController.h */ = {isa = PBXFileReference; fileEncoding = 4; lastKnownFileType = sourcecode.c.h; path = GradesViewController.h; sourceTree = "<group>"; };
		934DBC7A13031AF5009BC05D /* GradesViewController.m */ = {isa = PBXFileReference; fileEncoding = 4; lastKnownFileType = sourcecode.c.objc; path = GradesViewController.m; sourceTree = "<group>"; };
		934DBC7B13031AF5009BC05D /* ParticipantsViewController.h */ = {isa = PBXFileReference; fileEncoding = 4; lastKnownFileType = sourcecode.c.h; path = ParticipantsViewController.h; sourceTree = "<group>"; };
		934DBC7C13031AF5009BC05D /* ParticipantsViewController.m */ = {isa = PBXFileReference; fileEncoding = 4; lastKnownFileType = sourcecode.c.objc; path = ParticipantsViewController.m; sourceTree = "<group>"; };
		934DBC7F13031B02009BC05D /* GradesViewController.xib */ = {isa = PBXFileReference; fileEncoding = 4; lastKnownFileType = file.xib; path = GradesViewController.xib; sourceTree = "<group>"; };
		934DBC8113031B88009BC05D /* ParticipantsViewController.xib */ = {isa = PBXFileReference; fileEncoding = 4; lastKnownFileType = file.xib; path = ParticipantsViewController.xib; sourceTree = "<group>"; };
		935037C912EBA28F001CBAD0 /* GMParticipantsParser.h */ = {isa = PBXFileReference; fileEncoding = 4; lastKnownFileType = sourcecode.c.h; path = GMParticipantsParser.h; sourceTree = "<group>"; };
		935037CA12EBA28F001CBAD0 /* GMParticipantsParser.m */ = {isa = PBXFileReference; fileEncoding = 4; lastKnownFileType = sourcecode.c.objc; path = GMParticipantsParser.m; sourceTree = "<group>"; };
		9359AFD51530A8D60072EDC8 /* GMPersonViewController.h */ = {isa = PBXFileReference; fileEncoding = 4; lastKnownFileType = sourcecode.c.h; path = GMPersonViewController.h; sourceTree = "<group>"; };
		9359AFD61530A8D60072EDC8 /* GMPersonViewController.m */ = {isa = PBXFileReference; fileEncoding = 4; lastKnownFileType = sourcecode.c.objc; path = GMPersonViewController.m; sourceTree = "<group>"; };
		936DAFE715150A6200F99EE8 /* greyforward@2x.png */ = {isa = PBXFileReference; lastKnownFileType = image.png; path = "greyforward@2x.png"; sourceTree = "<group>"; };
		936DAFE815150A6200F99EE8 /* greyback.png */ = {isa = PBXFileReference; lastKnownFileType = image.png; path = greyback.png; sourceTree = "<group>"; };
		936DAFE915150A6200F99EE8 /* greyback@2x.png */ = {isa = PBXFileReference; lastKnownFileType = image.png; path = "greyback@2x.png"; sourceTree = "<group>"; };
		936DAFEA15150A6200F99EE8 /* greyforward.png */ = {isa = PBXFileReference; lastKnownFileType = image.png; path = greyforward.png; sourceTree = "<group>"; };
		936DAFF315150B1B00F99EE8 /* MBProgressHUD.h */ = {isa = PBXFileReference; fileEncoding = 4; lastKnownFileType = sourcecode.c.h; path = MBProgressHUD.h; sourceTree = "<group>"; };
		936DAFF415150B1B00F99EE8 /* MBProgressHUD.m */ = {isa = PBXFileReference; fileEncoding = 4; lastKnownFileType = sourcecode.c.objc; path = MBProgressHUD.m; sourceTree = "<group>"; };
		93725DC2150D2EAA0095B420 /* ForumTopicsViewController.h */ = {isa = PBXFileReference; fileEncoding = 4; lastKnownFileType = sourcecode.c.h; path = ForumTopicsViewController.h; sourceTree = "<group>"; };
		93725DC3150D2EAA0095B420 /* ForumTopicsViewController.m */ = {isa = PBXFileReference; fileEncoding = 4; lastKnownFileType = sourcecode.c.objc; path = ForumTopicsViewController.m; sourceTree = "<group>"; };
		93725DC4150D2EAA0095B420 /* ForumTopicsViewController.xib */ = {isa = PBXFileReference; fileEncoding = 4; lastKnownFileType = file.xib; path = ForumTopicsViewController.xib; sourceTree = "<group>"; };
		93725DC7150D35D60095B420 /* GMForumTopicTableCell.h */ = {isa = PBXFileReference; fileEncoding = 4; lastKnownFileType = sourcecode.c.h; path = GMForumTopicTableCell.h; sourceTree = "<group>"; };
		93725DC8150D35D60095B420 /* GMForumTopicTableCell.m */ = {isa = PBXFileReference; fileEncoding = 4; lastKnownFileType = sourcecode.c.objc; path = GMForumTopicTableCell.m; sourceTree = "<group>"; };
		93725DCA150D4DC70095B420 /* ForumTopicTableCell.xib */ = {isa = PBXFileReference; fileEncoding = 4; lastKnownFileType = file.xib; path = ForumTopicTableCell.xib; sourceTree = "<group>"; };
		93725DCC150D56E40095B420 /* ForumPostsViewController.h */ = {isa = PBXFileReference; fileEncoding = 4; lastKnownFileType = sourcecode.c.h; path = ForumPostsViewController.h; sourceTree = "<group>"; };
		93725DCD150D56E40095B420 /* ForumPostsViewController.m */ = {isa = PBXFileReference; fileEncoding = 4; lastKnownFileType = sourcecode.c.objc; path = ForumPostsViewController.m; sourceTree = "<group>"; };
		93725DCE150D56E50095B420 /* ForumPostsViewController.xib */ = {isa = PBXFileReference; fileEncoding = 4; lastKnownFileType = file.xib; path = ForumPostsViewController.xib; sourceTree = "<group>"; };
		9374857C1608C86400D587D0 /* Default-568h@2x.png */ = {isa = PBXFileReference; lastKnownFileType = image.png; name = "Default-568h@2x.png"; path = "data/Images/Default-568h@2x.png"; sourceTree = SOURCE_ROOT; };
		9374857E1608C91700D587D0 /* Default@2x.png */ = {isa = PBXFileReference; lastKnownFileType = image.png; name = "Default@2x.png"; path = "data/Images/Default@2x.png"; sourceTree = SOURCE_ROOT; };
		937485801608C91C00D587D0 /* Default.png */ = {isa = PBXFileReference; lastKnownFileType = image.png; name = Default.png; path = data/Images/Default.png; sourceTree = SOURCE_ROOT; };
		937485821608C92100D587D0 /* Default-Portrait~ipad.png */ = {isa = PBXFileReference; lastKnownFileType = image.png; name = "Default-Portrait~ipad.png"; path = "data/Images/Default-Portrait~ipad.png"; sourceTree = SOURCE_ROOT; };
		937485841608C9AB00D587D0 /* Default-Portrait@2x~ipad.png */ = {isa = PBXFileReference; lastKnownFileType = image.png; name = "Default-Portrait@2x~ipad.png"; path = "data/Images/Default-Portrait@2x~ipad.png"; sourceTree = SOURCE_ROOT; };
		937485861608C9AE00D587D0 /* Default-Landscape~ipad.png */ = {isa = PBXFileReference; lastKnownFileType = image.png; name = "Default-Landscape~ipad.png"; path = "data/Images/Default-Landscape~ipad.png"; sourceTree = SOURCE_ROOT; };
		937485881608C9B100D587D0 /* Default-Landscape@2x~ipad.png */ = {isa = PBXFileReference; lastKnownFileType = image.png; name = "Default-Landscape@2x~ipad.png"; path = "data/Images/Default-Landscape@2x~ipad.png"; sourceTree = SOURCE_ROOT; };
		9374858A1608D1DB00D587D0 /* Icon-72.png */ = {isa = PBXFileReference; lastKnownFileType = image.png; name = "Icon-72.png"; path = "data/Images/Icon-72.png"; sourceTree = SOURCE_ROOT; };
		9374858C1608D1DF00D587D0 /* Icon-72@2x.png */ = {isa = PBXFileReference; lastKnownFileType = image.png; name = "Icon-72@2x.png"; path = "data/Images/Icon-72@2x.png"; sourceTree = SOURCE_ROOT; };
		93748590160942F300D587D0 /* tabbarbackground.png */ = {isa = PBXFileReference; lastKnownFileType = image.png; path = tabbarbackground.png; sourceTree = "<group>"; };
		93748591160942F300D587D0 /* tabbarbackground@2x.png */ = {isa = PBXFileReference; lastKnownFileType = image.png; path = "tabbarbackground@2x.png"; sourceTree = "<group>"; };
		937485941609482D00D587D0 /* tabbarselection.png */ = {isa = PBXFileReference; lastKnownFileType = image.png; path = tabbarselection.png; sourceTree = "<group>"; };
		937485951609482E00D587D0 /* tabbarselection@2x.png */ = {isa = PBXFileReference; lastKnownFileType = image.png; path = "tabbarselection@2x.png"; sourceTree = "<group>"; };
		9374859816094A6800D587D0 /* selectedtabbaritemgradient@2x.png */ = {isa = PBXFileReference; lastKnownFileType = image.png; path = "selectedtabbaritemgradient@2x.png"; sourceTree = "<group>"; };
		938277BF12EBC2CC001C35E9 /* GMGradesParser.h */ = {isa = PBXFileReference; fileEncoding = 4; lastKnownFileType = sourcecode.c.h; path = GMGradesParser.h; sourceTree = "<group>"; };
		938277C012EBC2CC001C35E9 /* GMGradesParser.m */ = {isa = PBXFileReference; fileEncoding = 4; lastKnownFileType = sourcecode.c.objc; path = GMGradesParser.m; sourceTree = "<group>"; };
		938489B214C0ACBF00F9986D /* gm.png */ = {isa = PBXFileReference; lastKnownFileType = image.png; path = gm.png; sourceTree = "<group>"; };
		9385EFE71508692B00872595 /* GMForumsParser.h */ = {isa = PBXFileReference; fileEncoding = 4; lastKnownFileType = sourcecode.c.h; path = GMForumsParser.h; sourceTree = "<group>"; };
		9385EFE81508692B00872595 /* GMForumsParser.m */ = {isa = PBXFileReference; fileEncoding = 4; lastKnownFileType = sourcecode.c.objc; path = GMForumsParser.m; sourceTree = "<group>"; };
		9385EFED1508696C00872595 /* GMForum.h */ = {isa = PBXFileReference; fileEncoding = 4; lastKnownFileType = sourcecode.c.h; path = GMForum.h; sourceTree = "<group>"; };
		9385EFEE1508696C00872595 /* GMForum.m */ = {isa = PBXFileReference; fileEncoding = 4; lastKnownFileType = sourcecode.c.objc; path = GMForum.m; sourceTree = "<group>"; };
		9385EFEF1508696C00872595 /* GMForumPost.h */ = {isa = PBXFileReference; fileEncoding = 4; lastKnownFileType = sourcecode.c.h; path = GMForumPost.h; sourceTree = "<group>"; };
		9385EFF01508696C00872595 /* GMForumPost.m */ = {isa = PBXFileReference; fileEncoding = 4; lastKnownFileType = sourcecode.c.objc; path = GMForumPost.m; sourceTree = "<group>"; };
		9385EFF11508696C00872595 /* GMForumTopic.h */ = {isa = PBXFileReference; fileEncoding = 4; lastKnownFileType = sourcecode.c.h; path = GMForumTopic.h; sourceTree = "<group>"; };
		9385EFF21508696C00872595 /* GMForumTopic.m */ = {isa = PBXFileReference; fileEncoding = 4; lastKnownFileType = sourcecode.c.objc; path = GMForumTopic.m; sourceTree = "<group>"; };
		9385EFFB15086BE800872595 /* ForumViewController.h */ = {isa = PBXFileReference; fileEncoding = 4; lastKnownFileType = sourcecode.c.h; path = ForumViewController.h; sourceTree = "<group>"; };
		9385EFFC15086BE800872595 /* ForumViewController.m */ = {isa = PBXFileReference; fileEncoding = 4; lastKnownFileType = sourcecode.c.objc; path = ForumViewController.m; sourceTree = "<group>"; };
		9385EFFD15086BE800872595 /* ForumViewController.xib */ = {isa = PBXFileReference; fileEncoding = 4; lastKnownFileType = file.xib; path = ForumViewController.xib; sourceTree = "<group>"; };
		9388E8F614BD551500A31C10 /* libz.dylib */ = {isa = PBXFileReference; lastKnownFileType = "compiled.mach-o.dylib"; name = libz.dylib; path = usr/lib/libz.dylib; sourceTree = SDKROOT; };
		938C408B12E9471700A8894E /* GMCourse.h */ = {isa = PBXFileReference; fileEncoding = 4; lastKnownFileType = sourcecode.c.h; path = GMCourse.h; sourceTree = "<group>"; };
		938C408C12E9471700A8894E /* GMCourse.m */ = {isa = PBXFileReference; fileEncoding = 4; lastKnownFileType = sourcecode.c.objc; path = GMCourse.m; sourceTree = "<group>"; };
		938C792A12F5217A00C3F134 /* GMDataSource.h */ = {isa = PBXFileReference; fileEncoding = 4; lastKnownFileType = sourcecode.c.h; path = GMDataSource.h; sourceTree = "<group>"; };
		938C792B12F5217A00C3F134 /* GMDataSource.m */ = {isa = PBXFileReference; fileEncoding = 4; lastKnownFileType = sourcecode.c.objc; path = GMDataSource.m; sourceTree = "<group>"; };
		938C792D12F5245300C3F134 /* CourseViewController.h */ = {isa = PBXFileReference; fileEncoding = 4; lastKnownFileType = sourcecode.c.h; path = CourseViewController.h; sourceTree = "<group>"; };
		938C792E12F5245300C3F134 /* CourseViewController.m */ = {isa = PBXFileReference; fileEncoding = 4; lastKnownFileType = sourcecode.c.objc; path = CourseViewController.m; sourceTree = "<group>"; };
		938C792F12F5245300C3F134 /* CourseViewController.xib */ = {isa = PBXFileReference; fileEncoding = 4; lastKnownFileType = file.xib; path = CourseViewController.xib; sourceTree = "<group>"; };
		939036F1132AD76100A5AF6E /* MainWindow.xib */ = {isa = PBXFileReference; fileEncoding = 4; lastKnownFileType = file.xib; path = MainWindow.xib; sourceTree = "<group>"; };
		939036F7132AD7B000A5AF6E /* Credits.txt */ = {isa = PBXFileReference; fileEncoding = 4; lastKnownFileType = text; name = Credits.txt; path = ../data/Credits.txt; sourceTree = "<group>"; };
		939036FB132AD7F800A5AF6E /* GauchoMobile-Info.plist */ = {isa = PBXFileReference; fileEncoding = 4; lastKnownFileType = text.plist.xml; name = "GauchoMobile-Info.plist"; path = "data/GauchoMobile-Info.plist"; sourceTree = SOURCE_ROOT; };
		93903700132AD8B100A5AF6E /* UIView+TKCategory.h */ = {isa = PBXFileReference; fileEncoding = 4; lastKnownFileType = sourcecode.c.h; path = "UIView+TKCategory.h"; sourceTree = "<group>"; };
		93903701132AD8B100A5AF6E /* UIView+TKCategory.m */ = {isa = PBXFileReference; fileEncoding = 4; lastKnownFileType = sourcecode.c.objc; path = "UIView+TKCategory.m"; sourceTree = "<group>"; };
		9392884F164F198F00A9BAD2 /* GTMDefines.h */ = {isa = PBXFileReference; fileEncoding = 4; lastKnownFileType = sourcecode.c.h; path = GTMDefines.h; sourceTree = "<group>"; };
		93928850164F198F00A9BAD2 /* GTMNSString+HTML.h */ = {isa = PBXFileReference; fileEncoding = 4; lastKnownFileType = sourcecode.c.h; path = "GTMNSString+HTML.h"; sourceTree = "<group>"; };
		93928851164F198F00A9BAD2 /* GTMNSString+HTML.m */ = {isa = PBXFileReference; fileEncoding = 4; lastKnownFileType = sourcecode.c.objc; path = "GTMNSString+HTML.m"; sourceTree = "<group>"; };
		93931BD615153F2C003F1F3C /* 3retina.jpg */ = {isa = PBXFileReference; lastKnownFileType = image.jpeg; path = 3retina.jpg; sourceTree = "<group>"; };
		93931BD715153F2C003F1F3C /* 2retina.jpg */ = {isa = PBXFileReference; lastKnownFileType = image.jpeg; path = 2retina.jpg; sourceTree = "<group>"; };
		93931BD815153F2C003F1F3C /* 1retina.jpg */ = {isa = PBXFileReference; lastKnownFileType = image.jpeg; path = 1retina.jpg; sourceTree = "<group>"; };
		9395D59D132881AE00332A38 /* NSDate+TKCategory.h */ = {isa = PBXFileReference; fileEncoding = 4; lastKnownFileType = sourcecode.c.h; path = "NSDate+TKCategory.h"; sourceTree = "<group>"; };
		9395D59E132881AE00332A38 /* NSDate+TKCategory.m */ = {isa = PBXFileReference; fileEncoding = 4; lastKnownFileType = sourcecode.c.objc; path = "NSDate+TKCategory.m"; sourceTree = "<group>"; };
		9395D5B4132881B000332A38 /* TKCalendarMonthView.h */ = {isa = PBXFileReference; fileEncoding = 4; lastKnownFileType = sourcecode.c.h; path = TKCalendarMonthView.h; sourceTree = "<group>"; };
		9395D5B5132881B000332A38 /* TKCalendarMonthView.m */ = {isa = PBXFileReference; fileEncoding = 4; lastKnownFileType = sourcecode.c.objc; path = TKCalendarMonthView.m; sourceTree = "<group>"; };
		9395D5BE132881B200332A38 /* TKGlobal.h */ = {isa = PBXFileReference; fileEncoding = 4; lastKnownFileType = sourcecode.c.h; path = TKGlobal.h; sourceTree = "<group>"; };
		9395D5BF132881B200332A38 /* TKGlobal.m */ = {isa = PBXFileReference; fileEncoding = 4; lastKnownFileType = sourcecode.c.objc; path = TKGlobal.m; sourceTree = "<group>"; };
		9395D5E6132881B500332A38 /* UIImage+TKCategory.h */ = {isa = PBXFileReference; fileEncoding = 4; lastKnownFileType = sourcecode.c.h; path = "UIImage+TKCategory.h"; sourceTree = "<group>"; };
		9395D5E7132881B500332A38 /* UIImage+TKCategory.m */ = {isa = PBXFileReference; fileEncoding = 4; lastKnownFileType = sourcecode.c.objc; path = "UIImage+TKCategory.m"; sourceTree = "<group>"; };
		9395D622132882A200332A38 /* TapkuLibrary.bundle */ = {isa = PBXFileReference; lastKnownFileType = "wrapper.plug-in"; path = TapkuLibrary.bundle; sourceTree = "<group>"; };
		93A9AF61131099CE0012CAF3 /* WebViewController.h */ = {isa = PBXFileReference; fileEncoding = 4; lastKnownFileType = sourcecode.c.h; path = WebViewController.h; sourceTree = "<group>"; };
		93A9AF62131099CE0012CAF3 /* WebViewController.m */ = {isa = PBXFileReference; fileEncoding = 4; lastKnownFileType = sourcecode.c.objc; path = WebViewController.m; sourceTree = "<group>"; };
		93A9AF63131099CE0012CAF3 /* WebViewController.xib */ = {isa = PBXFileReference; fileEncoding = 4; lastKnownFileType = file.xib; path = WebViewController.xib; sourceTree = "<group>"; };
		93AF5FAD12F37A64009A3657 /* GMQuarter.h */ = {isa = PBXFileReference; fileEncoding = 4; lastKnownFileType = sourcecode.c.h; path = GMQuarter.h; sourceTree = "<group>"; };
		93AF5FAE12F37A64009A3657 /* GMQuarter.m */ = {isa = PBXFileReference; fileEncoding = 4; lastKnownFileType = sourcecode.c.objc; path = GMQuarter.m; sourceTree = "<group>"; };
		93AF5FB312F380BC009A3657 /* GMAssignment.h */ = {isa = PBXFileReference; fileEncoding = 4; lastKnownFileType = sourcecode.c.h; path = GMAssignment.h; sourceTree = "<group>"; };
		93AF5FB412F380BC009A3657 /* GMAssignment.m */ = {isa = PBXFileReference; fileEncoding = 4; lastKnownFileType = sourcecode.c.objc; path = GMAssignment.m; sourceTree = "<group>"; };
		93AF5FB512F380BC009A3657 /* GMGrade.h */ = {isa = PBXFileReference; fileEncoding = 4; lastKnownFileType = sourcecode.c.h; path = GMGrade.h; sourceTree = "<group>"; };
		93AF5FB612F380BC009A3657 /* GMGrade.m */ = {isa = PBXFileReference; fileEncoding = 4; lastKnownFileType = sourcecode.c.objc; path = GMGrade.m; sourceTree = "<group>"; };
		93AF604412F385F2009A3657 /* CFNetwork.framework */ = {isa = PBXFileReference; lastKnownFileType = wrapper.framework; name = CFNetwork.framework; path = System/Library/Frameworks/CFNetwork.framework; sourceTree = SDKROOT; };
		93AF604612F385F7009A3657 /* SystemConfiguration.framework */ = {isa = PBXFileReference; lastKnownFileType = wrapper.framework; name = SystemConfiguration.framework; path = System/Library/Frameworks/SystemConfiguration.framework; sourceTree = SDKROOT; };
		93AF604812F38602009A3657 /* MobileCoreServices.framework */ = {isa = PBXFileReference; lastKnownFileType = wrapper.framework; name = MobileCoreServices.framework; path = System/Library/Frameworks/MobileCoreServices.framework; sourceTree = SDKROOT; };
		93AF604D12F38C0C009A3657 /* LoginViewController.h */ = {isa = PBXFileReference; fileEncoding = 4; lastKnownFileType = sourcecode.c.h; path = LoginViewController.h; sourceTree = "<group>"; };
		93AF604E12F38C0C009A3657 /* LoginViewController.m */ = {isa = PBXFileReference; fileEncoding = 4; lastKnownFileType = sourcecode.c.objc; path = LoginViewController.m; sourceTree = "<group>"; };
		93AF604F12F38C0C009A3657 /* LoginViewController.xib */ = {isa = PBXFileReference; fileEncoding = 4; lastKnownFileType = file.xib; path = LoginViewController.xib; sourceTree = "<group>"; };
		93AF605212F38FE2009A3657 /* 1.jpg */ = {isa = PBXFileReference; lastKnownFileType = image.jpeg; path = 1.jpg; sourceTree = "<group>"; };
		93AF605312F38FE2009A3657 /* 2.jpg */ = {isa = PBXFileReference; lastKnownFileType = image.jpeg; path = 2.jpg; sourceTree = "<group>"; };
		93AF605412F38FE2009A3657 /* 3.jpg */ = {isa = PBXFileReference; lastKnownFileType = image.jpeg; path = 3.jpg; sourceTree = "<group>"; };
		93AF605812F39028009A3657 /* horizontalline.png */ = {isa = PBXFileReference; lastKnownFileType = image.png; path = horizontalline.png; sourceTree = "<group>"; };
		93AF605912F39028009A3657 /* verticalline.png */ = {isa = PBXFileReference; lastKnownFileType = image.png; path = verticalline.png; sourceTree = "<group>"; };
		93AF605C12F39116009A3657 /* QuartzCore.framework */ = {isa = PBXFileReference; lastKnownFileType = wrapper.framework; name = QuartzCore.framework; path = System/Library/Frameworks/QuartzCore.framework; sourceTree = SDKROOT; };
		93B1B8241329F13700403CCD /* EventKit.framework */ = {isa = PBXFileReference; lastKnownFileType = wrapper.framework; name = EventKit.framework; path = System/Library/Frameworks/EventKit.framework; sourceTree = SDKROOT; };
		93BBF5CD130E3A8800B07C25 /* GMLoadingView.h */ = {isa = PBXFileReference; fileEncoding = 4; lastKnownFileType = sourcecode.c.h; path = GMLoadingView.h; sourceTree = "<group>"; };
		93BBF5CE130E3A8900B07C25 /* GMLoadingView.m */ = {isa = PBXFileReference; fileEncoding = 4; lastKnownFileType = sourcecode.c.objc; path = GMLoadingView.m; sourceTree = "<group>"; };
		93BBF5D2130E4B8800B07C25 /* bands.png */ = {isa = PBXFileReference; lastKnownFileType = image.png; path = bands.png; sourceTree = "<group>"; };
		93BDDA6316110B370007519F /* currentweeksectionheader.png */ = {isa = PBXFileReference; lastKnownFileType = image.png; path = currentweeksectionheader.png; sourceTree = "<group>"; };
		93BDDA65161114E50007519F /* ipadtabbarselection@2x.png */ = {isa = PBXFileReference; lastKnownFileType = image.png; path = "ipadtabbarselection@2x.png"; sourceTree = "<group>"; };
		93BDDA6B161117800007519F /* ipadtabbarbackground@2x.png */ = {isa = PBXFileReference; lastKnownFileType = image.png; path = "ipadtabbarbackground@2x.png"; sourceTree = "<group>"; };
		93BDDA6D161118020007519F /* ipadtabbarselection.png */ = {isa = PBXFileReference; lastKnownFileType = image.png; path = ipadtabbarselection.png; sourceTree = "<group>"; };
		93BDDA6E161118020007519F /* ipadtabbarbackground.png */ = {isa = PBXFileReference; lastKnownFileType = image.png; path = ipadtabbarbackground.png; sourceTree = "<group>"; };
		93BDDA71161122270007519F /* UITableView+GMAdditions.h */ = {isa = PBXFileReference; fileEncoding = 4; lastKnownFileType = sourcecode.c.h; path = "UITableView+GMAdditions.h"; sourceTree = "<group>"; };
		93BDDA72161122270007519F /* UITableView+GMAdditions.m */ = {isa = PBXFileReference; fileEncoding = 4; lastKnownFileType = sourcecode.c.objc; path = "UITableView+GMAdditions.m"; sourceTree = "<group>"; };
		93C257DD14CCC1800079E5CD /* KeychainItemWrapper.h */ = {isa = PBXFileReference; fileEncoding = 4; lastKnownFileType = sourcecode.c.h; path = KeychainItemWrapper.h; sourceTree = "<group>"; };
		93C257DE14CCC1800079E5CD /* KeychainItemWrapper.m */ = {isa = PBXFileReference; fileEncoding = 4; lastKnownFileType = sourcecode.c.objc; path = KeychainItemWrapper.m; sourceTree = "<group>"; };
		93C257E014CCC2760079E5CD /* Security.framework */ = {isa = PBXFileReference; lastKnownFileType = wrapper.framework; name = Security.framework; path = System/Library/Frameworks/Security.framework; sourceTree = SDKROOT; };
		93C257E314CCCE3F0079E5CD /* Icon.png */ = {isa = PBXFileReference; lastKnownFileType = image.png; path = Icon.png; sourceTree = "<group>"; };
		93C257E514CCCE410079E5CD /* Icon@2x.png */ = {isa = PBXFileReference; lastKnownFileType = image.png; path = "Icon@2x.png"; sourceTree = "<group>"; };
		93C3AF3A1611030B003926B2 /* currentweeksectionheader@2x.png */ = {isa = PBXFileReference; lastKnownFileType = image.png; path = "currentweeksectionheader@2x.png"; sourceTree = "<group>"; };
		93C58BD214C3525A001F7558 /* AssignmentDetailViewController.h */ = {isa = PBXFileReference; fileEncoding = 4; lastKnownFileType = sourcecode.c.h; path = AssignmentDetailViewController.h; sourceTree = "<group>"; };
		93C58BD314C3525A001F7558 /* AssignmentDetailViewController.m */ = {isa = PBXFileReference; fileEncoding = 4; lastKnownFileType = sourcecode.c.objc; path = AssignmentDetailViewController.m; sourceTree = "<group>"; };
		93C58BD414C3525A001F7558 /* AssignmentDetailViewController.xib */ = {isa = PBXFileReference; fileEncoding = 4; lastKnownFileType = file.xib; path = AssignmentDetailViewController.xib; sourceTree = "<group>"; };
		93C58BD714C35544001F7558 /* GMWebViewTableCell.h */ = {isa = PBXFileReference; fileEncoding = 4; lastKnownFileType = sourcecode.c.h; path = GMWebViewTableCell.h; sourceTree = "<group>"; };
		93C58BD814C35544001F7558 /* GMWebViewTableCell.m */ = {isa = PBXFileReference; fileEncoding = 4; lastKnownFileType = sourcecode.c.objc; path = GMWebViewTableCell.m; sourceTree = "<group>"; };
		93D0758F13340D0B0025BF9E /* Month Calendar Left Arrow@2x.png */ = {isa = PBXFileReference; lastKnownFileType = image.png; name = "Month Calendar Left Arrow@2x.png"; path = "TapkuLibrary.bundle/Images/calendar/Month Calendar Left Arrow@2x.png"; sourceTree = "<group>"; };
		93D0759013340D0B0025BF9E /* Month Calendar Right Arrow@2x.png */ = {isa = PBXFileReference; lastKnownFileType = image.png; name = "Month Calendar Right Arrow@2x.png"; path = "TapkuLibrary.bundle/Images/calendar/Month Calendar Right Arrow@2x.png"; sourceTree = "<group>"; };
		93D6CB1F14C53DE300F8BFDB /* MessageUI.framework */ = {isa = PBXFileReference; lastKnownFileType = wrapper.framework; name = MessageUI.framework; path = System/Library/Frameworks/MessageUI.framework; sourceTree = SDKROOT; };
		93D986111310556F009C11C3 /* GMDashboardItem.h */ = {isa = PBXFileReference; fileEncoding = 4; lastKnownFileType = sourcecode.c.h; path = GMDashboardItem.h; sourceTree = "<group>"; };
		93D986121310556F009C11C3 /* GMDashboardItem.m */ = {isa = PBXFileReference; fileEncoding = 4; lastKnownFileType = sourcecode.c.objc; path = GMDashboardItem.m; sourceTree = "<group>"; };
		93D9861413105895009C11C3 /* DashboardViewController.h */ = {isa = PBXFileReference; fileEncoding = 4; lastKnownFileType = sourcecode.c.h; path = DashboardViewController.h; sourceTree = "<group>"; };
		93D9861513105895009C11C3 /* DashboardViewController.m */ = {isa = PBXFileReference; fileEncoding = 4; lastKnownFileType = sourcecode.c.objc; path = DashboardViewController.m; sourceTree = "<group>"; };
		93D9861613105895009C11C3 /* DashboardViewController.xib */ = {isa = PBXFileReference; fileEncoding = 4; lastKnownFileType = file.xib; path = DashboardViewController.xib; sourceTree = "<group>"; };
		93D986191310783C009C11C3 /* GMTextViewTableCell.h */ = {isa = PBXFileReference; fileEncoding = 4; lastKnownFileType = sourcecode.c.h; path = GMTextViewTableCell.h; sourceTree = "<group>"; };
		93D9861A1310783C009C11C3 /* GMTextViewTableCell.m */ = {isa = PBXFileReference; fileEncoding = 4; lastKnownFileType = sourcecode.c.objc; path = GMTextViewTableCell.m; sourceTree = "<group>"; };
		93DB4836130F9125004EF57C /* GMDashboardParser.h */ = {isa = PBXFileReference; fileEncoding = 4; lastKnownFileType = sourcecode.c.h; path = GMDashboardParser.h; sourceTree = "<group>"; };
		93DB4837130F9125004EF57C /* GMDashboardParser.m */ = {isa = PBXFileReference; fileEncoding = 4; lastKnownFileType = sourcecode.c.objc; path = GMDashboardParser.m; sourceTree = "<group>"; };
		93DFABDC12EBB935005C42B8 /* GMParticipant.h */ = {isa = PBXFileReference; fileEncoding = 4; lastKnownFileType = sourcecode.c.h; path = GMParticipant.h; sourceTree = "<group>"; };
		93DFABDD12EBB935005C42B8 /* GMParticipant.m */ = {isa = PBXFileReference; fileEncoding = 4; lastKnownFileType = sourcecode.c.objc; path = GMParticipant.m; sourceTree = "<group>"; };
		93E703C0168FB2D600DF1F2D /* GMForumPostTableCell.h */ = {isa = PBXFileReference; fileEncoding = 4; lastKnownFileType = sourcecode.c.h; path = GMForumPostTableCell.h; sourceTree = "<group>"; };
		93E703C1168FB2D600DF1F2D /* GMForumPostTableCell.m */ = {isa = PBXFileReference; fileEncoding = 4; lastKnownFileType = sourcecode.c.objc; path = GMForumPostTableCell.m; sourceTree = "<group>"; };
		93E703C3168FB2F200DF1F2D /* ForumPostTableCell.xib */ = {isa = PBXFileReference; fileEncoding = 4; lastKnownFileType = file.xib; path = ForumPostTableCell.xib; sourceTree = "<group>"; };
		93EB5D03130EFE2300555E8A /* AddressBook.framework */ = {isa = PBXFileReference; lastKnownFileType = wrapper.framework; name = AddressBook.framework; path = System/Library/Frameworks/AddressBook.framework; sourceTree = SDKROOT; };
		93EB5D04130EFE2300555E8A /* AddressBookUI.framework */ = {isa = PBXFileReference; lastKnownFileType = wrapper.framework; name = AddressBookUI.framework; path = System/Library/Frameworks/AddressBookUI.framework; sourceTree = SDKROOT; };
		93EC607D1332E1E000601B04 /* MainWindow-iPad.xib */ = {isa = PBXFileReference; lastKnownFileType = file.xib; name = "MainWindow-iPad.xib"; path = "data/XIBs/iPad/MainWindow-iPad.xib"; sourceTree = SOURCE_ROOT; };
		93ECB1711326F3C5007458FE /* blueArrow.png */ = {isa = PBXFileReference; lastKnownFileType = image.png; path = blueArrow.png; sourceTree = "<group>"; };
		93ECB1721326F3C5007458FE /* blueArrow@2x.png */ = {isa = PBXFileReference; lastKnownFileType = image.png; path = "blueArrow@2x.png"; sourceTree = "<group>"; };
		93EEE73A14C9FD9D00350104 /* forward.png */ = {isa = PBXFileReference; lastKnownFileType = image.png; path = forward.png; sourceTree = "<group>"; };
		93EEE73B14C9FD9D00350104 /* forward@2x.png */ = {isa = PBXFileReference; lastKnownFileType = image.png; path = "forward@2x.png"; sourceTree = "<group>"; };
		C4414431160BF33200A18757 /* tabbaritemgradient@2x.png */ = {isa = PBXFileReference; lastKnownFileType = image.png; path = "tabbaritemgradient@2x.png"; sourceTree = "<group>"; };
		C4414434160C00EA00A18757 /* selectedtabbaritemgradient.png */ = {isa = PBXFileReference; lastKnownFileType = image.png; path = selectedtabbaritemgradient.png; sourceTree = "<group>"; };
		C4414435160C00EA00A18757 /* tabbaritemgradient.png */ = {isa = PBXFileReference; lastKnownFileType = image.png; path = tabbaritemgradient.png; sourceTree = "<group>"; };
/* End PBXFileReference section */

/* Begin PBXFrameworksBuildPhase section */
		934300D212E0F42600AFFFE4 /* Frameworks */ = {
			isa = PBXFrameworksBuildPhase;
			buildActionMask = 2147483647;
			files = (
				932A907514C23C9000E80827 /* libxml2.dylib in Frameworks */,
				9388E8F714BD551500A31C10 /* libz.dylib in Frameworks */,
				93B1B8251329F13700403CCD /* EventKit.framework in Frameworks */,
				93AF605D12F39116009A3657 /* QuartzCore.framework in Frameworks */,
				93AF604912F38602009A3657 /* MobileCoreServices.framework in Frameworks */,
				93AF604712F385F7009A3657 /* SystemConfiguration.framework in Frameworks */,
				93AF604512F385F2009A3657 /* CFNetwork.framework in Frameworks */,
				93EB5D0B130EFE6300555E8A /* AddressBook.framework in Frameworks */,
				93D6CB2114C53DED00F8BFDB /* MessageUI.framework in Frameworks */,
				93EB5D0C130EFE6300555E8A /* AddressBookUI.framework in Frameworks */,
				934300DA12E0F42600AFFFE4 /* UIKit.framework in Frameworks */,
				93C257E214CCC2800079E5CD /* Security.framework in Frameworks */,
				934300DC12E0F42600AFFFE4 /* Foundation.framework in Frameworks */,
				934300DE12E0F42600AFFFE4 /* CoreGraphics.framework in Frameworks */,
			);
			runOnlyForDeploymentPostprocessing = 0;
		};
/* End PBXFrameworksBuildPhase section */

/* Begin PBXGroup section */
		9314EC3112F3DC5B00F99756 /* XIBs */ = {
			isa = PBXGroup;
			children = (
				93361DA2167EA53E00532C5F /* AssignmentsListViewController.xib */,
				93725DCE150D56E50095B420 /* ForumPostsViewController.xib */,
				93725DC4150D2EAA0095B420 /* ForumTopicsViewController.xib */,
				9385EFFD15086BE800872595 /* ForumViewController.xib */,
				93C58BD414C3525A001F7558 /* AssignmentDetailViewController.xib */,
				93A9AF63131099CE0012CAF3 /* WebViewController.xib */,
				93D9861613105895009C11C3 /* DashboardViewController.xib */,
				934DBC8113031B88009BC05D /* ParticipantsViewController.xib */,
				934DBC7F13031B02009BC05D /* GradesViewController.xib */,
				931C650A12F8CCF7005799F1 /* AssignmentsViewController.xib */,
				938C792F12F5245300C3F134 /* CourseViewController.xib */,
				93AF604F12F38C0C009A3657 /* LoginViewController.xib */,
				939036F1132AD76100A5AF6E /* MainWindow.xib */,
				93725DCA150D4DC70095B420 /* ForumTopicTableCell.xib */,
				93E703C3168FB2F200DF1F2D /* ForumPostTableCell.xib */,
			);
			name = XIBs;
			path = ../data/XIBs;
			sourceTree = "<group>";
		};
		932A907F14C23CDB00E80827 /* hpple */ = {
			isa = PBXGroup;
			children = (
				932A907614C23CD700E80827 /* TFHpple.h */,
				932A907714C23CD700E80827 /* TFHpple.m */,
				932A907814C23CD700E80827 /* TFHppleElement.h */,
				932A907914C23CD700E80827 /* TFHppleElement.m */,
				932A907A14C23CD700E80827 /* XPathQuery.h */,
				932A907B14C23CD700E80827 /* XPathQuery.m */,
			);
			name = hpple;
			sourceTree = "<group>";
		};
		933098F81513F57900F891C1 /* View Controllers */ = {
			isa = PBXGroup;
			children = (
				933098F91513F5A700F891C1 /* GMiPadAssignmentsViewController.h */,
				933098FA1513F5A700F891C1 /* GMiPadAssignmentsViewController.m */,
				931F43EB152BAAA70059A9D7 /* GMiPadParticipantsViewController.h */,
				931F43EC152BAAA70059A9D7 /* GMiPadParticipantsViewController.m */,
			);
			name = "View Controllers";
			sourceTree = "<group>";
		};
		934300CA12E0F42600AFFFE4 = {
			isa = PBXGroup;
			children = (
				934300DF12E0F42600AFFFE4 /* GauchoMobile */,
				934300D812E0F42600AFFFE4 /* Frameworks */,
				934300D612E0F42600AFFFE4 /* Products */,
			);
			sourceTree = "<group>";
		};
		934300D612E0F42600AFFFE4 /* Products */ = {
			isa = PBXGroup;
			children = (
				934300D512E0F42600AFFFE4 /* GauchoMobile.app */,
			);
			name = Products;
			sourceTree = "<group>";
		};
		934300D812E0F42600AFFFE4 /* Frameworks */ = {
			isa = PBXGroup;
			children = (
				932A907314C23C8600E80827 /* libxml2.dylib */,
				9388E8F614BD551500A31C10 /* libz.dylib */,
				93C257E014CCC2760079E5CD /* Security.framework */,
				93D6CB1F14C53DE300F8BFDB /* MessageUI.framework */,
				93B1B8241329F13700403CCD /* EventKit.framework */,
				93EB5D03130EFE2300555E8A /* AddressBook.framework */,
				93EB5D04130EFE2300555E8A /* AddressBookUI.framework */,
				93AF605C12F39116009A3657 /* QuartzCore.framework */,
				93AF604812F38602009A3657 /* MobileCoreServices.framework */,
				93AF604612F385F7009A3657 /* SystemConfiguration.framework */,
				93AF604412F385F2009A3657 /* CFNetwork.framework */,
				934300D912E0F42600AFFFE4 /* UIKit.framework */,
				934300DB12E0F42600AFFFE4 /* Foundation.framework */,
				934300DD12E0F42600AFFFE4 /* CoreGraphics.framework */,
			);
			name = Frameworks;
			sourceTree = "<group>";
		};
		934300DF12E0F42600AFFFE4 /* GauchoMobile */ = {
			isa = PBXGroup;
			children = (
				93EC607C1332E1DC00601B04 /* iPad */,
				934300E812E0F42700AFFFE4 /* GauchoMobileAppDelegate.h */,
				934300E912E0F42700AFFFE4 /* GauchoMobileAppDelegate.m */,
				9314EC2812F3D7CB00F99756 /* GMSourceFetcher.h */,
				9314EC2912F3D7CB00F99756 /* GMSourceFetcher.m */,
				938C792A12F5217A00C3F134 /* GMDataSource.h */,
				938C792B12F5217A00C3F134 /* GMDataSource.m */,
				9395D621132881C000332A38 /* Tapku */,
				935037CC12EBA293001CBAD0 /* Parsers */,
				938C408912E9470100A8894E /* Data Model Classes */,
				93B1B8231329ECB900403CCD /* Views */,
				93AF604C12F38BD7009A3657 /* View Controllers */,
				93BDDA74161122330007519F /* Categories */,
				9314EC3112F3DC5B00F99756 /* XIBs */,
				934300E012E0F42600AFFFE4 /* Supporting Files */,
			);
			name = GauchoMobile;
			path = src;
			sourceTree = "<group>";
		};
		934300E012E0F42600AFFFE4 /* Supporting Files */ = {
			isa = PBXGroup;
			children = (
				939036F6132AD77F00A5AF6E /* Images */,
				939036F7132AD7B000A5AF6E /* Credits.txt */,
				939036FB132AD7F800A5AF6E /* GauchoMobile-Info.plist */,
				934300E512E0F42600AFFFE4 /* GauchoMobile-Prefix.pch */,
				934300E612E0F42700AFFFE4 /* main.m */,
				93C257DD14CCC1800079E5CD /* KeychainItemWrapper.h */,
				93C257DE14CCC1800079E5CD /* KeychainItemWrapper.m */,
			);
			name = "Supporting Files";
			sourceTree = "<group>";
		};
		934BACA11304E7ED0083A5F9 /* Table View Cells */ = {
			isa = PBXGroup;
			children = (
				934BAC9B1304E7E80083A5F9 /* GMGradesTableViewCell.h */,
				934BAC9C1304E7E80083A5F9 /* GMGradesTableViewCell.m */,
				93D986191310783C009C11C3 /* GMTextViewTableCell.h */,
				93D9861A1310783C009C11C3 /* GMTextViewTableCell.m */,
				93C58BD714C35544001F7558 /* GMWebViewTableCell.h */,
				93C58BD814C35544001F7558 /* GMWebViewTableCell.m */,
				93127E7214C5341300CAF15F /* GMTwoButtonTableCell.h */,
				93127E7314C5341300CAF15F /* GMTwoButtonTableCell.m */,
				93725DC7150D35D60095B420 /* GMForumTopicTableCell.h */,
				93725DC8150D35D60095B420 /* GMForumTopicTableCell.m */,
				93E703C0168FB2D600DF1F2D /* GMForumPostTableCell.h */,
				93E703C1168FB2D600DF1F2D /* GMForumPostTableCell.m */,
			);
			path = "Table View Cells";
			sourceTree = "<group>";
		};
		935037CC12EBA293001CBAD0 /* Parsers */ = {
			isa = PBXGroup;
			children = (
				932A907F14C23CDB00E80827 /* hpple */,
				935037C912EBA28F001CBAD0 /* GMParticipantsParser.h */,
				935037CA12EBA28F001CBAD0 /* GMParticipantsParser.m */,
				938277BF12EBC2CC001C35E9 /* GMGradesParser.h */,
				938277C012EBC2CC001C35E9 /* GMGradesParser.m */,
				932A920712ED0E1E00C78AE9 /* GMAssignmentsParser.h */,
				932A920812ED0E1E00C78AE9 /* GMAssignmentsParser.m */,
				9314EC2E12F3DB7200F99756 /* GMCourseParser.h */,
				9314EC2F12F3DB7200F99756 /* GMCourseParser.m */,
				93DB4836130F9125004EF57C /* GMDashboardParser.h */,
				93DB4837130F9125004EF57C /* GMDashboardParser.m */,
				932A907014C23A9D00E80827 /* GMAssignmentDetailsParser.h */,
				932A907114C23A9D00E80827 /* GMAssignmentDetailsParser.m */,
				9385EFE71508692B00872595 /* GMForumsParser.h */,
				9385EFE81508692B00872595 /* GMForumsParser.m */,
			);
			path = Parsers;
			sourceTree = "<group>";
		};
		938C408912E9470100A8894E /* Data Model Classes */ = {
			isa = PBXGroup;
			children = (
				9385EFED1508696C00872595 /* GMForum.h */,
				9385EFEE1508696C00872595 /* GMForum.m */,
				9385EFEF1508696C00872595 /* GMForumPost.h */,
				9385EFF01508696C00872595 /* GMForumPost.m */,
				9385EFF11508696C00872595 /* GMForumTopic.h */,
				9385EFF21508696C00872595 /* GMForumTopic.m */,
				93AF5FAD12F37A64009A3657 /* GMQuarter.h */,
				93AF5FAE12F37A64009A3657 /* GMQuarter.m */,
				938C408B12E9471700A8894E /* GMCourse.h */,
				938C408C12E9471700A8894E /* GMCourse.m */,
				93DFABDC12EBB935005C42B8 /* GMParticipant.h */,
				93DFABDD12EBB935005C42B8 /* GMParticipant.m */,
				93AF5FB312F380BC009A3657 /* GMAssignment.h */,
				93AF5FB412F380BC009A3657 /* GMAssignment.m */,
				93AF5FB512F380BC009A3657 /* GMGrade.h */,
				93AF5FB612F380BC009A3657 /* GMGrade.m */,
				93D986111310556F009C11C3 /* GMDashboardItem.h */,
				93D986121310556F009C11C3 /* GMDashboardItem.m */,
			);
			path = "Data Model Classes";
			sourceTree = "<group>";
		};
		939036F6132AD77F00A5AF6E /* Images */ = {
			isa = PBXGroup;
			children = (
				93BDDA6D161118020007519F /* ipadtabbarselection.png */,
				93BDDA6E161118020007519F /* ipadtabbarbackground.png */,
				93BDDA6B161117800007519F /* ipadtabbarbackground@2x.png */,
				93BDDA65161114E50007519F /* ipadtabbarselection@2x.png */,
				93BDDA6316110B370007519F /* currentweeksectionheader.png */,
				93C3AF3A1611030B003926B2 /* currentweeksectionheader@2x.png */,
				C4414434160C00EA00A18757 /* selectedtabbaritemgradient.png */,
				C4414435160C00EA00A18757 /* tabbaritemgradient.png */,
				C4414431160BF33200A18757 /* tabbaritemgradient@2x.png */,
				9374859816094A6800D587D0 /* selectedtabbaritemgradient@2x.png */,
				937485941609482D00D587D0 /* tabbarselection.png */,
				937485951609482E00D587D0 /* tabbarselection@2x.png */,
				93748590160942F300D587D0 /* tabbarbackground.png */,
				93748591160942F300D587D0 /* tabbarbackground@2x.png */,
				9374858C1608D1DF00D587D0 /* Icon-72@2x.png */,
				9374858A1608D1DB00D587D0 /* Icon-72.png */,
				937485881608C9B100D587D0 /* Default-Landscape@2x~ipad.png */,
				937485861608C9AE00D587D0 /* Default-Landscape~ipad.png */,
				937485841608C9AB00D587D0 /* Default-Portrait@2x~ipad.png */,
				937485821608C92100D587D0 /* Default-Portrait~ipad.png */,
				937485801608C91C00D587D0 /* Default.png */,
				9374857E1608C91700D587D0 /* Default@2x.png */,
				9374857C1608C86400D587D0 /* Default-568h@2x.png */,
				936DAFE715150A6200F99EE8 /* greyforward@2x.png */,
				936DAFE815150A6200F99EE8 /* greyback.png */,
				936DAFE915150A6200F99EE8 /* greyback@2x.png */,
				936DAFEA15150A6200F99EE8 /* greyforward.png */,
				9324D99F15086F1200B10D3F /* forums.png */,
				9324D9A015086F1200B10D3F /* forums@2x.png */,
				93C257E514CCCE410079E5CD /* Icon@2x.png */,
				93C257E314CCCE3F0079E5CD /* Icon.png */,
				93EEE73A14C9FD9D00350104 /* forward.png */,
				93EEE73B14C9FD9D00350104 /* forward@2x.png */,
				933A49CB14C9FC9A0037AD30 /* back.png */,
				933A49C914C9FBE00037AD30 /* back@2x.png */,
				938489B214C0ACBF00F9986D /* gm.png */,
				9395D622132882A200332A38 /* TapkuLibrary.bundle */,
				93ECB1711326F3C5007458FE /* blueArrow.png */,
				93ECB1721326F3C5007458FE /* blueArrow@2x.png */,
				93BBF5D2130E4B8800B07C25 /* bands.png */,
				93D0758F13340D0B0025BF9E /* Month Calendar Left Arrow@2x.png */,
				93D0759013340D0B0025BF9E /* Month Calendar Right Arrow@2x.png */,
				934BACA21304E8380083A5F9 /* defaulticon.png */,
				9314EC5612F3EBB500F99756 /* participants.png */,
				9314EC5712F3EBB500F99756 /* participants@2x.png */,
				9314EC4C12F3EAFA00F99756 /* grades@2x.png */,
				9314EC4D12F3EAFA00F99756 /* grades.png */,
				9314EC4E12F3EAFA00F99756 /* assignments.png */,
				9314EC4F12F3EAFA00F99756 /* assignments@2x.png */,
				9314EC4812F3EA6A00F99756 /* dashboard@2x.png */,
				9314EC4612F3EA1400F99756 /* dashboard.png */,
				93AF605812F39028009A3657 /* horizontalline.png */,
				93AF605912F39028009A3657 /* verticalline.png */,
				93931BD615153F2C003F1F3C /* 3retina.jpg */,
				93931BD715153F2C003F1F3C /* 2retina.jpg */,
				93931BD815153F2C003F1F3C /* 1retina.jpg */,
				93AF605212F38FE2009A3657 /* 1.jpg */,
				93AF605312F38FE2009A3657 /* 2.jpg */,
				93AF605412F38FE2009A3657 /* 3.jpg */,
			);
			name = Images;
			path = ../data/Images;
			sourceTree = "<group>";
		};
		9395D621132881C000332A38 /* Tapku */ = {
			isa = PBXGroup;
			children = (
				9395D59D132881AE00332A38 /* NSDate+TKCategory.h */,
				9395D59E132881AE00332A38 /* NSDate+TKCategory.m */,
				9395D5B4132881B000332A38 /* TKCalendarMonthView.h */,
				9395D5B5132881B000332A38 /* TKCalendarMonthView.m */,
				9395D5BE132881B200332A38 /* TKGlobal.h */,
				9395D5BF132881B200332A38 /* TKGlobal.m */,
				9395D5E6132881B500332A38 /* UIImage+TKCategory.h */,
				9395D5E7132881B500332A38 /* UIImage+TKCategory.m */,
				93903700132AD8B100A5AF6E /* UIView+TKCategory.h */,
				93903701132AD8B100A5AF6E /* UIView+TKCategory.m */,
			);
			path = Tapku;
			sourceTree = "<group>";
		};
		93AF604C12F38BD7009A3657 /* View Controllers */ = {
			isa = PBXGroup;
			children = (
				93AF604D12F38C0C009A3657 /* LoginViewController.h */,
				93AF604E12F38C0C009A3657 /* LoginViewController.m */,
				938C792D12F5245300C3F134 /* CourseViewController.h */,
				938C792E12F5245300C3F134 /* CourseViewController.m */,
				931C650812F8CCF7005799F1 /* AssignmentsViewController.h */,
				931C650912F8CCF7005799F1 /* AssignmentsViewController.m */,
				93361DA0167EA53D00532C5F /* AssignmentsListViewController.h */,
				93361DA1167EA53D00532C5F /* AssignmentsListViewController.m */,
				934DBC7913031AF5009BC05D /* GradesViewController.h */,
				934DBC7A13031AF5009BC05D /* GradesViewController.m */,
				934DBC7B13031AF5009BC05D /* ParticipantsViewController.h */,
				934DBC7C13031AF5009BC05D /* ParticipantsViewController.m */,
				93D9861413105895009C11C3 /* DashboardViewController.h */,
				93D9861513105895009C11C3 /* DashboardViewController.m */,
				93A9AF61131099CE0012CAF3 /* WebViewController.h */,
				93A9AF62131099CE0012CAF3 /* WebViewController.m */,
				93C58BD214C3525A001F7558 /* AssignmentDetailViewController.h */,
				93C58BD314C3525A001F7558 /* AssignmentDetailViewController.m */,
				9385EFFB15086BE800872595 /* ForumViewController.h */,
				9385EFFC15086BE800872595 /* ForumViewController.m */,
				93725DC2150D2EAA0095B420 /* ForumTopicsViewController.h */,
				93725DC3150D2EAA0095B420 /* ForumTopicsViewController.m */,
				93725DCC150D56E40095B420 /* ForumPostsViewController.h */,
				93725DCD150D56E40095B420 /* ForumPostsViewController.m */,
				933586401512E0160002D70D /* MainTabBarViewController.h */,
				933586411512E0160002D70D /* MainTabBarViewController.m */,
				9321933B152B7C86001461EE /* GMSplitViewController.h */,
				9321933C152B7C86001461EE /* GMSplitViewController.m */,
				9359AFD51530A8D60072EDC8 /* GMPersonViewController.h */,
				9359AFD61530A8D60072EDC8 /* GMPersonViewController.m */,
			);
			path = "View Controllers";
			sourceTree = "<group>";
		};
		93B1B8231329ECB900403CCD /* Views */ = {
			isa = PBXGroup;
			children = (
				934BACA11304E7ED0083A5F9 /* Table View Cells */,
				93BBF5CD130E3A8800B07C25 /* GMLoadingView.h */,
				93BBF5CE130E3A8900B07C25 /* GMLoadingView.m */,
				933098F51513F55400F891C1 /* ADCalendarView.h */,
				933098F61513F55400F891C1 /* ADCalendarView.m */,
				936DAFF315150B1B00F99EE8 /* MBProgressHUD.h */,
				936DAFF415150B1B00F99EE8 /* MBProgressHUD.m */,
				9313F13F1683C2FA008127DC /* GMParticipantCollectionViewCell.h */,
				9313F1401683C2FA008127DC /* GMParticipantCollectionViewCell.m */,
			);
			path = Views;
			sourceTree = "<group>";
		};
		93BDDA74161122330007519F /* Categories */ = {
			isa = PBXGroup;
			children = (
				9392884F164F198F00A9BAD2 /* GTMDefines.h */,
				93928850164F198F00A9BAD2 /* GTMNSString+HTML.h */,
				93928851164F198F00A9BAD2 /* GTMNSString+HTML.m */,
				93BDDA71161122270007519F /* UITableView+GMAdditions.h */,
				93BDDA72161122270007519F /* UITableView+GMAdditions.m */,
			);
			name = Categories;
			sourceTree = "<group>";
		};
		93EC607C1332E1DC00601B04 /* iPad */ = {
			isa = PBXGroup;
			children = (
				933098F81513F57900F891C1 /* View Controllers */,
				93EC607D1332E1E000601B04 /* MainWindow-iPad.xib */,
				933098FB1513F5A700F891C1 /* GMiPadAssignmentsViewController.xib */,
				931F43ED152BAAA70059A9D7 /* GMiPadParticipantsViewController.xib */,
			);
			name = iPad;
			sourceTree = "<group>";
		};
/* End PBXGroup section */

/* Begin PBXNativeTarget section */
		934300D412E0F42600AFFFE4 /* GauchoMobile */ = {
			isa = PBXNativeTarget;
			buildConfigurationList = 934300FC12E0F42700AFFFE4 /* Build configuration list for PBXNativeTarget "GauchoMobile" */;
			buildPhases = (
				934300D112E0F42600AFFFE4 /* Sources */,
				934300D212E0F42600AFFFE4 /* Frameworks */,
				934300D312E0F42600AFFFE4 /* Resources */,
			);
			buildRules = (
			);
			dependencies = (
			);
			name = GauchoMobile;
			productName = GauchoMobile;
			productReference = 934300D512E0F42600AFFFE4 /* GauchoMobile.app */;
			productType = "com.apple.product-type.application";
		};
/* End PBXNativeTarget section */

/* Begin PBXProject section */
		934300CC12E0F42600AFFFE4 /* Project object */ = {
			isa = PBXProject;
			attributes = {
				LastUpgradeCheck = 0450;
			};
			buildConfigurationList = 934300CF12E0F42600AFFFE4 /* Build configuration list for PBXProject "GauchoMobile" */;
			compatibilityVersion = "Xcode 3.2";
			developmentRegion = English;
			hasScannedForEncodings = 0;
			knownRegions = (
				en,
			);
			mainGroup = 934300CA12E0F42600AFFFE4;
			productRefGroup = 934300D612E0F42600AFFFE4 /* Products */;
			projectDirPath = "";
			projectRoot = "";
			targets = (
				934300D412E0F42600AFFFE4 /* GauchoMobile */,
			);
		};
/* End PBXProject section */

/* Begin PBXResourcesBuildPhase section */
		934300D312E0F42600AFFFE4 /* Resources */ = {
			isa = PBXResourcesBuildPhase;
			buildActionMask = 2147483647;
			files = (
				93AF605112F38C0C009A3657 /* LoginViewController.xib in Resources */,
				93AF605512F38FE2009A3657 /* 1.jpg in Resources */,
				93AF605612F38FE2009A3657 /* 2.jpg in Resources */,
				93AF605712F38FE2009A3657 /* 3.jpg in Resources */,
				93AF605A12F39028009A3657 /* horizontalline.png in Resources */,
				93AF605B12F39028009A3657 /* verticalline.png in Resources */,
				9314EC4712F3EA1400F99756 /* dashboard.png in Resources */,
				9314EC4912F3EA6A00F99756 /* dashboard@2x.png in Resources */,
				9314EC5212F3EAFA00F99756 /* grades@2x.png in Resources */,
				9314EC5312F3EAFA00F99756 /* grades.png in Resources */,
				9314EC5412F3EAFA00F99756 /* assignments.png in Resources */,
				9314EC5512F3EAFA00F99756 /* assignments@2x.png in Resources */,
				9314EC5812F3EBB500F99756 /* participants.png in Resources */,
				9314EC5912F3EBB500F99756 /* participants@2x.png in Resources */,
				938C793112F5245300C3F134 /* CourseViewController.xib in Resources */,
				931C650C12F8CCF7005799F1 /* AssignmentsViewController.xib in Resources */,
				934DBC8013031B02009BC05D /* GradesViewController.xib in Resources */,
				934DBC8213031B88009BC05D /* ParticipantsViewController.xib in Resources */,
				934BACA31304E8380083A5F9 /* defaulticon.png in Resources */,
				93BBF5D3130E4B8800B07C25 /* bands.png in Resources */,
				93D9861813105895009C11C3 /* DashboardViewController.xib in Resources */,
				93A9AF65131099CE0012CAF3 /* WebViewController.xib in Resources */,
				93ECB1731326F3C5007458FE /* blueArrow.png in Resources */,
				93ECB1741326F3C5007458FE /* blueArrow@2x.png in Resources */,
				9395D623132882A200332A38 /* TapkuLibrary.bundle in Resources */,
				939036F2132AD76100A5AF6E /* MainWindow.xib in Resources */,
				939036F9132AD7B000A5AF6E /* Credits.txt in Resources */,
				93EC607E1332E1E000601B04 /* MainWindow-iPad.xib in Resources */,
				93D0759113340D0B0025BF9E /* Month Calendar Left Arrow@2x.png in Resources */,
				93D0759213340D0B0025BF9E /* Month Calendar Right Arrow@2x.png in Resources */,
				938489B314C0ACBF00F9986D /* gm.png in Resources */,
				93C58BD614C3525A001F7558 /* AssignmentDetailViewController.xib in Resources */,
				933A49CA14C9FBE00037AD30 /* back@2x.png in Resources */,
				933A49CC14C9FC9A0037AD30 /* back.png in Resources */,
				93EEE73C14C9FD9D00350104 /* forward.png in Resources */,
				93EEE73D14C9FD9D00350104 /* forward@2x.png in Resources */,
				93C257E414CCCE3F0079E5CD /* Icon.png in Resources */,
				93C257E614CCCE420079E5CD /* Icon@2x.png in Resources */,
				9385EFFF15086BE800872595 /* ForumViewController.xib in Resources */,
				9324D9A115086F1200B10D3F /* forums.png in Resources */,
				9324D9A215086F1200B10D3F /* forums@2x.png in Resources */,
				93725DC6150D2EAA0095B420 /* ForumTopicsViewController.xib in Resources */,
				93725DCB150D4DC70095B420 /* ForumTopicTableCell.xib in Resources */,
				93725DD0150D56E50095B420 /* ForumPostsViewController.xib in Resources */,
				933098FD1513F5A700F891C1 /* GMiPadAssignmentsViewController.xib in Resources */,
				936DAFEB15150A6200F99EE8 /* greyforward@2x.png in Resources */,
				936DAFEC15150A6200F99EE8 /* greyback.png in Resources */,
				936DAFED15150A6200F99EE8 /* greyback@2x.png in Resources */,
				936DAFEE15150A6200F99EE8 /* greyforward.png in Resources */,
				93931BD915153F2C003F1F3C /* 3retina.jpg in Resources */,
				93931BDA15153F2C003F1F3C /* 2retina.jpg in Resources */,
				93931BDB15153F2C003F1F3C /* 1retina.jpg in Resources */,
				931F43EF152BAAA70059A9D7 /* GMiPadParticipantsViewController.xib in Resources */,
				9374857D1608C86400D587D0 /* Default-568h@2x.png in Resources */,
				9374857F1608C91700D587D0 /* Default@2x.png in Resources */,
				937485811608C91C00D587D0 /* Default.png in Resources */,
				937485831608C92100D587D0 /* Default-Portrait~ipad.png in Resources */,
				937485851608C9AB00D587D0 /* Default-Portrait@2x~ipad.png in Resources */,
				937485871608C9AE00D587D0 /* Default-Landscape~ipad.png in Resources */,
				937485891608C9B100D587D0 /* Default-Landscape@2x~ipad.png in Resources */,
				9374858B1608D1DB00D587D0 /* Icon-72.png in Resources */,
				9374858D1608D1DF00D587D0 /* Icon-72@2x.png in Resources */,
				93748592160942F300D587D0 /* tabbarbackground.png in Resources */,
				93748593160942F300D587D0 /* tabbarbackground@2x.png in Resources */,
				937485961609482E00D587D0 /* tabbarselection.png in Resources */,
				937485971609482E00D587D0 /* tabbarselection@2x.png in Resources */,
				9374859916094A6800D587D0 /* selectedtabbaritemgradient@2x.png in Resources */,
				C4414432160BF33200A18757 /* tabbaritemgradient@2x.png in Resources */,
				C4414436160C00EA00A18757 /* selectedtabbaritemgradient.png in Resources */,
				C4414437160C00EA00A18757 /* tabbaritemgradient.png in Resources */,
				93C3AF3B1611030B003926B2 /* currentweeksectionheader@2x.png in Resources */,
				93BDDA6416110B370007519F /* currentweeksectionheader.png in Resources */,
				93BDDA67161114E50007519F /* ipadtabbarselection@2x.png in Resources */,
				93BDDA6C161117800007519F /* ipadtabbarbackground@2x.png in Resources */,
				93BDDA6F161118020007519F /* ipadtabbarselection.png in Resources */,
				93BDDA70161118020007519F /* ipadtabbarbackground.png in Resources */,
				93361DA4167EA53E00532C5F /* AssignmentsListViewController.xib in Resources */,
				93E703C4168FB2F200DF1F2D /* ForumPostTableCell.xib in Resources */,
			);
			runOnlyForDeploymentPostprocessing = 0;
		};
/* End PBXResourcesBuildPhase section */

/* Begin PBXSourcesBuildPhase section */
		934300D112E0F42600AFFFE4 /* Sources */ = {
			isa = PBXSourcesBuildPhase;
			buildActionMask = 2147483647;
			files = (
				934300E712E0F42700AFFFE4 /* main.m in Sources */,
				934300EA12E0F42700AFFFE4 /* GauchoMobileAppDelegate.m in Sources */,
				938C408D12E9471700A8894E /* GMCourse.m in Sources */,
				935037CB12EBA28F001CBAD0 /* GMParticipantsParser.m in Sources */,
				93DFABDE12EBB935005C42B8 /* GMParticipant.m in Sources */,
				938277C112EBC2CC001C35E9 /* GMGradesParser.m in Sources */,
				932A920912ED0E1E00C78AE9 /* GMAssignmentsParser.m in Sources */,
				93AF5FAF12F37A64009A3657 /* GMQuarter.m in Sources */,
				93AF5FB712F380BC009A3657 /* GMAssignment.m in Sources */,
				93AF5FB812F380BC009A3657 /* GMGrade.m in Sources */,
				93AF605012F38C0C009A3657 /* LoginViewController.m in Sources */,
				9314EC2A12F3D7CB00F99756 /* GMSourceFetcher.m in Sources */,
				9314EC3012F3DB7200F99756 /* GMCourseParser.m in Sources */,
				938C792C12F5217A00C3F134 /* GMDataSource.m in Sources */,
				938C793012F5245300C3F134 /* CourseViewController.m in Sources */,
				931C650B12F8CCF7005799F1 /* AssignmentsViewController.m in Sources */,
				934DBC7D13031AF5009BC05D /* GradesViewController.m in Sources */,
				934DBC7E13031AF5009BC05D /* ParticipantsViewController.m in Sources */,
				934BAC9F1304E7E80083A5F9 /* GMGradesTableViewCell.m in Sources */,
				93BBF5CF130E3A8900B07C25 /* GMLoadingView.m in Sources */,
				93DB4838130F9125004EF57C /* GMDashboardParser.m in Sources */,
				93D986131310556F009C11C3 /* GMDashboardItem.m in Sources */,
				93D9861713105895009C11C3 /* DashboardViewController.m in Sources */,
				93D9861B1310783C009C11C3 /* GMTextViewTableCell.m in Sources */,
				93A9AF64131099CE0012CAF3 /* WebViewController.m in Sources */,
				9395D5F6132881B700332A38 /* NSDate+TKCategory.m in Sources */,
				9395D601132881B700332A38 /* TKCalendarMonthView.m in Sources */,
				9395D606132881B700332A38 /* TKGlobal.m in Sources */,
				9395D61A132881B700332A38 /* UIImage+TKCategory.m in Sources */,
				93903702132AD8B100A5AF6E /* UIView+TKCategory.m in Sources */,
				932A907214C23A9D00E80827 /* GMAssignmentDetailsParser.m in Sources */,
				932A907C14C23CD700E80827 /* TFHpple.m in Sources */,
				932A907D14C23CD700E80827 /* TFHppleElement.m in Sources */,
				932A907E14C23CD700E80827 /* XPathQuery.m in Sources */,
				93C58BD514C3525A001F7558 /* AssignmentDetailViewController.m in Sources */,
				93C58BD914C35544001F7558 /* GMWebViewTableCell.m in Sources */,
				93127E7414C5341300CAF15F /* GMTwoButtonTableCell.m in Sources */,
				93C257DF14CCC1810079E5CD /* KeychainItemWrapper.m in Sources */,
				9385EFE91508692B00872595 /* GMForumsParser.m in Sources */,
				9385EFF31508696C00872595 /* GMForum.m in Sources */,
				9385EFF41508696C00872595 /* GMForumPost.m in Sources */,
				9385EFF51508696C00872595 /* GMForumTopic.m in Sources */,
				9385EFFE15086BE800872595 /* ForumViewController.m in Sources */,
				93725DC5150D2EAA0095B420 /* ForumTopicsViewController.m in Sources */,
				93725DC9150D35D60095B420 /* GMForumTopicTableCell.m in Sources */,
				93725DCF150D56E50095B420 /* ForumPostsViewController.m in Sources */,
				933586421512E0160002D70D /* MainTabBarViewController.m in Sources */,
				933098F71513F55400F891C1 /* ADCalendarView.m in Sources */,
				933098FC1513F5A700F891C1 /* GMiPadAssignmentsViewController.m in Sources */,
				936DAFF515150B1B00F99EE8 /* MBProgressHUD.m in Sources */,
				9321933D152B7C86001461EE /* GMSplitViewController.m in Sources */,
				931F43EE152BAAA70059A9D7 /* GMiPadParticipantsViewController.m in Sources */,
				9359AFD71530A8D60072EDC8 /* GMPersonViewController.m in Sources */,
				93BDDA73161122270007519F /* UITableView+GMAdditions.m in Sources */,
				93928852164F198F00A9BAD2 /* GTMNSString+HTML.m in Sources */,
				93361DA3167EA53E00532C5F /* AssignmentsListViewController.m in Sources */,
				9313F1411683C2FA008127DC /* GMParticipantCollectionViewCell.m in Sources */,
				93E703C2168FB2D700DF1F2D /* GMForumPostTableCell.m in Sources */,
			);
			runOnlyForDeploymentPostprocessing = 0;
		};
/* End PBXSourcesBuildPhase section */

/* Begin XCBuildConfiguration section */
		934300FA12E0F42700AFFFE4 /* Debug */ = {
			isa = XCBuildConfiguration;
			buildSettings = {
				ARCHS = "$(ARCHS_STANDARD_32_BIT)";
				CODE_SIGN_IDENTITY = "iPhone Developer: Robert Dodson (N8DJ46FH9G)";
				"CODE_SIGN_IDENTITY[sdk=iphoneos*]" = "iPhone Developer: Robert Dodson (N8DJ46FH9G)";
				GCC_C_LANGUAGE_STANDARD = gnu99;
				GCC_OPTIMIZATION_LEVEL = 0;
				GCC_PREPROCESSOR_DEFINITIONS = DEBUG;
				GCC_WARN_ABOUT_RETURN_TYPE = YES;
				GCC_WARN_UNUSED_VARIABLE = YES;
				HEADER_SEARCH_PATHS = "${SDKROOT}/usr/include/libxml2/**";
				IPHONEOS_DEPLOYMENT_TARGET = 6.0;
				PROVISIONING_PROFILE = "41285C22-54C3-4272-AD46-0D6BF0AE7613";
				"PROVISIONING_PROFILE[sdk=iphoneos*]" = "41285C22-54C3-4272-AD46-0D6BF0AE7613";
				SDKROOT = iphoneos;
				SKIP_INSTALL = NO;
			};
			name = Debug;
		};
		934300FB12E0F42700AFFFE4 /* Release */ = {
			isa = XCBuildConfiguration;
			buildSettings = {
				ARCHS = "$(ARCHS_STANDARD_32_BIT)";
				CODE_SIGN_IDENTITY = "iPhone Developer: Robert Dodson (N8DJ46FH9G)";
				"CODE_SIGN_IDENTITY[sdk=iphoneos*]" = "iPhone Developer: Robert Dodson (N8DJ46FH9G)";
				GCC_C_LANGUAGE_STANDARD = gnu99;
				GCC_WARN_ABOUT_RETURN_TYPE = YES;
				GCC_WARN_UNUSED_VARIABLE = YES;
				HEADER_SEARCH_PATHS = "${SDKROOT}/usr/include/libxml2/**";
				IPHONEOS_DEPLOYMENT_TARGET = 6.0;
				OTHER_CFLAGS = "-DNS_BLOCK_ASSERTIONS=1";
				PROVISIONING_PROFILE = "41285C22-54C3-4272-AD46-0D6BF0AE7613";
				"PROVISIONING_PROFILE[sdk=iphoneos*]" = "41285C22-54C3-4272-AD46-0D6BF0AE7613";
				SDKROOT = iphoneos;
				SKIP_INSTALL = YES;
			};
			name = Release;
		};
		934300FD12E0F42700AFFFE4 /* Debug */ = {
			isa = XCBuildConfiguration;
			buildSettings = {
				ALWAYS_SEARCH_USER_PATHS = NO;
				CODE_SIGN_IDENTITY = "iPhone Distribution";
				"CODE_SIGN_IDENTITY[sdk=iphoneos*]" = "iPhone Developer";
				COPY_PHASE_STRIP = NO;
				GCC_DYNAMIC_NO_PIC = NO;
				GCC_PRECOMPILE_PREFIX_HEADER = YES;
				GCC_PREFIX_HEADER = "src/GauchoMobile-Prefix.pch";
				INFOPLIST_FILE = "data/GauchoMobile-Info.plist";
				IPHONEOS_DEPLOYMENT_TARGET = 5.0;
				PRODUCT_NAME = "$(TARGET_NAME)";
				PROVISIONING_PROFILE = "";
				"PROVISIONING_PROFILE[sdk=iphoneos*]" = "";
				TARGETED_DEVICE_FAMILY = "1,2";
				WRAPPER_EXTENSION = app;
			};
			name = Debug;
		};
		934300FE12E0F42700AFFFE4 /* Release */ = {
			isa = XCBuildConfiguration;
			buildSettings = {
				ALWAYS_SEARCH_USER_PATHS = NO;
				CODE_SIGN_IDENTITY = "iPhone Distribution";
				"CODE_SIGN_IDENTITY[sdk=iphoneos*]" = "iPhone Developer";
				COPY_PHASE_STRIP = YES;
				GCC_PRECOMPILE_PREFIX_HEADER = YES;
				GCC_PREFIX_HEADER = "src/GauchoMobile-Prefix.pch";
				INFOPLIST_FILE = "data/GauchoMobile-Info.plist";
				IPHONEOS_DEPLOYMENT_TARGET = 5.0;
				PRODUCT_NAME = "$(TARGET_NAME)";
				PROVISIONING_PROFILE = "";
				"PROVISIONING_PROFILE[sdk=iphoneos*]" = "";
				SKIP_INSTALL = NO;
				TARGETED_DEVICE_FAMILY = "1,2";
				VALIDATE_PRODUCT = YES;
				WRAPPER_EXTENSION = app;
			};
			name = Release;
		};
/* End XCBuildConfiguration section */

/* Begin XCConfigurationList section */
		934300CF12E0F42600AFFFE4 /* Build configuration list for PBXProject "GauchoMobile" */ = {
			isa = XCConfigurationList;
			buildConfigurations = (
				934300FA12E0F42700AFFFE4 /* Debug */,
				934300FB12E0F42700AFFFE4 /* Release */,
			);
			defaultConfigurationIsVisible = 0;
			defaultConfigurationName = Release;
		};
		934300FC12E0F42700AFFFE4 /* Build configuration list for PBXNativeTarget "GauchoMobile" */ = {
			isa = XCConfigurationList;
			buildConfigurations = (
				934300FD12E0F42700AFFFE4 /* Debug */,
				934300FE12E0F42700AFFFE4 /* Release */,
			);
			defaultConfigurationIsVisible = 0;
			defaultConfigurationName = Release;
		};
/* End XCConfigurationList section */
	};
	rootObject = 934300CC12E0F42600AFFFE4 /* Project object */;
}
